// !$*UTF8*$!
{
	archiveVersion = 1;
	classes = {
	};
	objectVersion = 55;
	objects = {

/* Begin PBXBuildFile section */
		AA0930C4287349DA00E62DB3 /* CurrentPlayerStateUseCase.swift in Sources */ = {isa = PBXBuildFile; fileRef = AA0930C3287349DA00E62DB3 /* CurrentPlayerStateUseCase.swift */; };
		AA0930C628739B2000E62DB3 /* AssertSequence.swift in Sources */ = {isa = PBXBuildFile; fileRef = AA0930C528739B2000E62DB3 /* AssertSequence.swift */; };
		AA0930C828739B8500E62DB3 /* AudioServiceMock.swift in Sources */ = {isa = PBXBuildFile; fileRef = AA0930C728739B8500E62DB3 /* AudioServiceMock.swift */; };
		AA0930CA28739BD900E62DB3 /* ShowMediaInfoUseCaseMock.swift in Sources */ = {isa = PBXBuildFile; fileRef = AA0930C928739BD900E62DB3 /* ShowMediaInfoUseCaseMock.swift */; };
		AA0D3F7B2875F7A8006717B9 /* DurationParser.swift in Sources */ = {isa = PBXBuildFile; fileRef = AA0D3F7A2875F7A8006717B9 /* DurationParser.swift */; };
		AA0D3F7D2875F811006717B9 /* DurationParserTests.swift in Sources */ = {isa = PBXBuildFile; fileRef = AA0D3F7C2875F811006717B9 /* DurationParserTests.swift */; };
		AA0D3F812876244D006717B9 /* CoreDataSubtitlesRepositoryTests.swift in Sources */ = {isa = PBXBuildFile; fileRef = AA0D3F802876244C006717B9 /* CoreDataSubtitlesRepositoryTests.swift */; };
		AA1ACC222862FE7E000EEDD5 /* DefaultTagsParserTests.swift in Sources */ = {isa = PBXBuildFile; fileRef = AA1ACC212862FE7E000EEDD5 /* DefaultTagsParserTests.swift */; };
		AA1ACC2C286317A2000EEDD5 /* TagsParser.swift in Sources */ = {isa = PBXBuildFile; fileRef = AA1ACC2B286317A2000EEDD5 /* TagsParser.swift */; };
		AA1ACC31286329B8000EEDD5 /* test_music_with_tags.mp3 in Resources */ = {isa = PBXBuildFile; fileRef = AA1ACC30286329B8000EEDD5 /* test_music_with_tags.mp3 */; };
		AA252C9728744481001B7AEE /* LoadTrackUseCaseMock.swift in Sources */ = {isa = PBXBuildFile; fileRef = AA252C9628744481001B7AEE /* LoadTrackUseCaseMock.swift */; };
		AA252C9A28747520001B7AEE /* AudioServiceTests.swift in Sources */ = {isa = PBXBuildFile; fileRef = AA252C9928747520001B7AEE /* AudioServiceTests.swift */; };
		AA252C9C2874E302001B7AEE /* XCTestCase+MemoryLeakDetection.swift in Sources */ = {isa = PBXBuildFile; fileRef = AA252C9B2874E302001B7AEE /* XCTestCase+MemoryLeakDetection.swift */; };
		AA2BE88B2866EE59005C1AAD /* CoreDataAudioFilesRepository.swift in Sources */ = {isa = PBXBuildFile; fileRef = AA2BE88A2866EE59005C1AAD /* CoreDataAudioFilesRepository.swift */; };
		AA2BE88D2866EF35005C1AAD /* CoreDataStore.swift in Sources */ = {isa = PBXBuildFile; fileRef = AA2BE88C2866EF35005C1AAD /* CoreDataStore.swift */; };
		AA35E57E286A993B0086DB28 /* TagsParserMock.swift in Sources */ = {isa = PBXBuildFile; fileRef = AA35E57D286A993B0086DB28 /* TagsParserMock.swift */; };
		AA35E580286AA07F0086DB28 /* LocalFilesRepositoryTests.swift in Sources */ = {isa = PBXBuildFile; fileRef = AA35E57F286AA07F0086DB28 /* LocalFilesRepositoryTests.swift */; };
		AA35E582286AA3D90086DB28 /* FilesRepository.swift in Sources */ = {isa = PBXBuildFile; fileRef = AA35E581286AA3D90086DB28 /* FilesRepository.swift */; };
		AA35E585286AA5E10086DB28 /* LocalFilesRepository.swift in Sources */ = {isa = PBXBuildFile; fileRef = AA35E584286AA5E10086DB28 /* LocalFilesRepository.swift */; };
		AA3BAB17286B67B5005EE01E /* PlayerControlUseCaseTests.swift in Sources */ = {isa = PBXBuildFile; fileRef = AA3BAB16286B67B5005EE01E /* PlayerControlUseCaseTests.swift */; };
		AA3BAB19286C6883005EE01E /* PlayerControlUseCase.swift in Sources */ = {isa = PBXBuildFile; fileRef = AA3BAB18286C6883005EE01E /* PlayerControlUseCase.swift */; };
		AA3BAB1B286C7225005EE01E /* PlayerState.swift in Sources */ = {isa = PBXBuildFile; fileRef = AA3BAB1A286C7225005EE01E /* PlayerState.swift */; };
		AA3BAB1D286C728B005EE01E /* PlayerStateRepository.swift in Sources */ = {isa = PBXBuildFile; fileRef = AA3BAB1C286C728B005EE01E /* PlayerStateRepository.swift */; };
		AA3BAB1F286C73A3005EE01E /* DefaultPlayerStateRepository.swift in Sources */ = {isa = PBXBuildFile; fileRef = AA3BAB1E286C73A3005EE01E /* DefaultPlayerStateRepository.swift */; };
		AA3BAB22286C7D32005EE01E /* KeyValueStore.swift in Sources */ = {isa = PBXBuildFile; fileRef = AA3BAB21286C7D32005EE01E /* KeyValueStore.swift */; };
		AA3BAB25286C7EE2005EE01E /* UserDefaultsKeyValueStoreTests.swift in Sources */ = {isa = PBXBuildFile; fileRef = AA3BAB24286C7EE2005EE01E /* UserDefaultsKeyValueStoreTests.swift */; };
		AA3BAB28286CC646005EE01E /* AudioPlayerService.swift in Sources */ = {isa = PBXBuildFile; fileRef = AA3BAB27286CC646005EE01E /* AudioPlayerService.swift */; };
		AA3BAB2E286CC79F005EE01E /* DefaultAudioPlayerService.swift in Sources */ = {isa = PBXBuildFile; fileRef = AA3BAB2D286CC79F005EE01E /* DefaultAudioPlayerService.swift */; };
		AA415084286B0987004549F4 /* AssertResult.swift in Sources */ = {isa = PBXBuildFile; fileRef = AA415083286B0987004549F4 /* AssertResult.swift */; };
		AA415088286B2BA4004549F4 /* test_cover_image.png in Resources */ = {isa = PBXBuildFile; fileRef = AA415087286B2BA4004549F4 /* test_cover_image.png */; };
		AA41508A286B2ECA004549F4 /* FilesRepositoryMock.swift in Sources */ = {isa = PBXBuildFile; fileRef = AA415089286B2ECA004549F4 /* FilesRepositoryMock.swift */; };
		AA41508C286B603B004549F4 /* AudioFilesBrowserCell+Styles.swift in Sources */ = {isa = PBXBuildFile; fileRef = AA41508B286B603B004549F4 /* AudioFilesBrowserCell+Styles.swift */; };
		AA41508E286B647D004549F4 /* AudioFilesBrowserCell+Layout.swift in Sources */ = {isa = PBXBuildFile; fileRef = AA41508D286B647D004549F4 /* AudioFilesBrowserCell+Layout.swift */; };
		AA4F96FD286E325A0087F45A /* PlayerViewController.swift in Sources */ = {isa = PBXBuildFile; fileRef = AA4F96FC286E325A0087F45A /* PlayerViewController.swift */; };
		AA4F96FF286E32710087F45A /* PlayerViewController+Layout.swift in Sources */ = {isa = PBXBuildFile; fileRef = AA4F96FE286E32710087F45A /* PlayerViewController+Layout.swift */; };
		AA4F9701286E327D0087F45A /* PlayerViewController+Styles.swift in Sources */ = {isa = PBXBuildFile; fileRef = AA4F9700286E327D0087F45A /* PlayerViewController+Styles.swift */; };
		AA4F9703286E32870087F45A /* PlayerViewControllerFactory.swift in Sources */ = {isa = PBXBuildFile; fileRef = AA4F9702286E32870087F45A /* PlayerViewControllerFactory.swift */; };
		AA4F9705286E32C10087F45A /* PlayerViewModel.swift in Sources */ = {isa = PBXBuildFile; fileRef = AA4F9704286E32C10087F45A /* PlayerViewModel.swift */; };
		AA4F9707286E3C380087F45A /* AudioFilesBrowserViewController+Styles.swift in Sources */ = {isa = PBXBuildFile; fileRef = AA4F9706286E3C380087F45A /* AudioFilesBrowserViewController+Styles.swift */; };
		AA4F9709286E3C4C0087F45A /* AudioFilesBrowserViewController+Layout.swift in Sources */ = {isa = PBXBuildFile; fileRef = AA4F9708286E3C4C0087F45A /* AudioFilesBrowserViewController+Layout.swift */; };
		AA598D1B2868D3EC001F3DE1 /* ManagedAudioFile+CoreDataClass.swift in Sources */ = {isa = PBXBuildFile; fileRef = AA598D192868D3EC001F3DE1 /* ManagedAudioFile+CoreDataClass.swift */; };
		AA598D1C2868D3EC001F3DE1 /* ManagedAudioFile+CoreDataProperties.swift in Sources */ = {isa = PBXBuildFile; fileRef = AA598D1A2868D3EC001F3DE1 /* ManagedAudioFile+CoreDataProperties.swift */; };
		AA598D1F2868D435001F3DE1 /* ManagedAudioFile+Mapping.swift in Sources */ = {isa = PBXBuildFile; fileRef = AA598D1E2868D435001F3DE1 /* ManagedAudioFile+Mapping.swift */; };
		AA64C81A286F170C0089F165 /* PlayerViewModelTests.swift in Sources */ = {isa = PBXBuildFile; fileRef = AA64C819286F170C0089F165 /* PlayerViewModelTests.swift */; };
		AA64C81D286F181F0089F165 /* AudioPlayerUseCaseMock.swift in Sources */ = {isa = PBXBuildFile; fileRef = AA64C81C286F181F0089F165 /* AudioPlayerUseCaseMock.swift */; };
		AA731CBD2870395B0044412F /* NowPlayingInfoService.swift in Sources */ = {isa = PBXBuildFile; fileRef = AA731CBC2870395B0044412F /* NowPlayingInfoService.swift */; };
		AA731CC328706CBB0044412F /* ShowMediaInfoUseCaseTests.swift in Sources */ = {isa = PBXBuildFile; fileRef = AA731CC228706CBB0044412F /* ShowMediaInfoUseCaseTests.swift */; };
		AA731CC5287070C00044412F /* ShowMediaInfoUseCase.swift in Sources */ = {isa = PBXBuildFile; fileRef = AA731CC4287070C00044412F /* ShowMediaInfoUseCase.swift */; };
		AA731CC828707EE50044412F /* Result+Utils.swift in Sources */ = {isa = PBXBuildFile; fileRef = AA731CC728707EE50044412F /* Result+Utils.swift */; };
		AA731CCA2870BE890044412F /* LoadTrackUseCaseTests.swift in Sources */ = {isa = PBXBuildFile; fileRef = AA731CC92870BE890044412F /* LoadTrackUseCaseTests.swift */; };
		AA731CCC2870C2560044412F /* LoadTrackUseCase.swift in Sources */ = {isa = PBXBuildFile; fileRef = AA731CCB2870C2560044412F /* LoadTrackUseCase.swift */; };
		AA731CD22870D25C0044412F /* LibraryItemViewModelTests.swift in Sources */ = {isa = PBXBuildFile; fileRef = AA731CD12870D25C0044412F /* LibraryItemViewModelTests.swift */; };
		AA731CD52870DA740044412F /* LibraryItemViewModel.swift in Sources */ = {isa = PBXBuildFile; fileRef = AA731CD42870DA740044412F /* LibraryItemViewModel.swift */; };
		AA7B0D5028719AE20067DDB5 /* LibraryItemViewController.swift in Sources */ = {isa = PBXBuildFile; fileRef = AA7B0D4F28719AE20067DDB5 /* LibraryItemViewController.swift */; };
		AA7B0D522871A6E00067DDB5 /* LibraryItemViewController+Layout.swift in Sources */ = {isa = PBXBuildFile; fileRef = AA7B0D512871A6E00067DDB5 /* LibraryItemViewController+Layout.swift */; };
		AA7B0D542871A70F0067DDB5 /* LibraryItemViewController+Styles.swift in Sources */ = {isa = PBXBuildFile; fileRef = AA7B0D532871A70F0067DDB5 /* LibraryItemViewController+Styles.swift */; };
		AA7B0D562871A7390067DDB5 /* LibraryItemViewControllerFactory.swift in Sources */ = {isa = PBXBuildFile; fileRef = AA7B0D552871A7390067DDB5 /* LibraryItemViewControllerFactory.swift */; };
		AA7B0D592871BB340067DDB5 /* ShadowView.swift in Sources */ = {isa = PBXBuildFile; fileRef = AA7B0D582871BB340067DDB5 /* ShadowView.swift */; };
		AA7B0D5B2871BB500067DDB5 /* ShapedView.swift in Sources */ = {isa = PBXBuildFile; fileRef = AA7B0D5A2871BB500067DDB5 /* ShapedView.swift */; };
		AA7B0D5D2871BBA20067DDB5 /* ImageViewShadowed.swift in Sources */ = {isa = PBXBuildFile; fileRef = AA7B0D5C2871BBA20067DDB5 /* ImageViewShadowed.swift */; };
		AA7B0D6E28721A3F0067DDB5 /* RedHatDisplay-BlackItalic.ttf in Resources */ = {isa = PBXBuildFile; fileRef = AA7B0D6028721A3F0067DDB5 /* RedHatDisplay-BlackItalic.ttf */; };
		AA7B0D6F28721A3F0067DDB5 /* RedHatDisplay-Black.ttf in Resources */ = {isa = PBXBuildFile; fileRef = AA7B0D6128721A3F0067DDB5 /* RedHatDisplay-Black.ttf */; };
		AA7B0D7028721A3F0067DDB5 /* RedHatDisplay-ExtraBold.ttf in Resources */ = {isa = PBXBuildFile; fileRef = AA7B0D6228721A3F0067DDB5 /* RedHatDisplay-ExtraBold.ttf */; };
		AA7B0D7128721A3F0067DDB5 /* RedHatDisplay-MediumItalic.ttf in Resources */ = {isa = PBXBuildFile; fileRef = AA7B0D6328721A3F0067DDB5 /* RedHatDisplay-MediumItalic.ttf */; };
		AA7B0D7228721A3F0067DDB5 /* RedHatDisplay-SemiBoldItalic.ttf in Resources */ = {isa = PBXBuildFile; fileRef = AA7B0D6428721A3F0067DDB5 /* RedHatDisplay-SemiBoldItalic.ttf */; };
		AA7B0D7328721A3F0067DDB5 /* RedHatDisplay-Italic.ttf in Resources */ = {isa = PBXBuildFile; fileRef = AA7B0D6528721A3F0067DDB5 /* RedHatDisplay-Italic.ttf */; };
		AA7B0D7428721A3F0067DDB5 /* RedHatDisplay-Bold.ttf in Resources */ = {isa = PBXBuildFile; fileRef = AA7B0D6628721A3F0067DDB5 /* RedHatDisplay-Bold.ttf */; };
		AA7B0D7528721A3F0067DDB5 /* RedHatDisplay-LightItalic.ttf in Resources */ = {isa = PBXBuildFile; fileRef = AA7B0D6728721A3F0067DDB5 /* RedHatDisplay-LightItalic.ttf */; };
		AA7B0D7628721A3F0067DDB5 /* RedHatDisplay-ExtraBoldItalic.ttf in Resources */ = {isa = PBXBuildFile; fileRef = AA7B0D6828721A3F0067DDB5 /* RedHatDisplay-ExtraBoldItalic.ttf */; };
		AA7B0D7728721A3F0067DDB5 /* RedHatDisplay-Medium.ttf in Resources */ = {isa = PBXBuildFile; fileRef = AA7B0D6928721A3F0067DDB5 /* RedHatDisplay-Medium.ttf */; };
		AA7B0D7828721A3F0067DDB5 /* RedHatDisplay-SemiBold.ttf in Resources */ = {isa = PBXBuildFile; fileRef = AA7B0D6A28721A3F0067DDB5 /* RedHatDisplay-SemiBold.ttf */; };
		AA7B0D7928721A3F0067DDB5 /* RedHatDisplay-BoldItalic.ttf in Resources */ = {isa = PBXBuildFile; fileRef = AA7B0D6B28721A3F0067DDB5 /* RedHatDisplay-BoldItalic.ttf */; };
		AA7B0D7A28721A3F0067DDB5 /* RedHatDisplay-Light.ttf in Resources */ = {isa = PBXBuildFile; fileRef = AA7B0D6C28721A3F0067DDB5 /* RedHatDisplay-Light.ttf */; };
		AA7B0D7B28721A3F0067DDB5 /* RedHatDisplay-Regular.ttf in Resources */ = {isa = PBXBuildFile; fileRef = AA7B0D6D28721A3F0067DDB5 /* RedHatDisplay-Regular.ttf */; };
		AA7B0D7D28721A5E0067DDB5 /* Fonts.swift in Sources */ = {isa = PBXBuildFile; fileRef = AA7B0D7C28721A5E0067DDB5 /* Fonts.swift */; };
		AA7B0D7F28721B050067DDB5 /* UIFont+Utils.swift in Sources */ = {isa = PBXBuildFile; fileRef = AA7B0D7E28721B050067DDB5 /* UIFont+Utils.swift */; };
		AA7B0D81287234F70067DDB5 /* CurrentPlayerStateUseCaseTests.swift in Sources */ = {isa = PBXBuildFile; fileRef = AA7B0D80287234F70067DDB5 /* CurrentPlayerStateUseCaseTests.swift */; };
		AA8BF74A28567A1C0010FA1E /* AppDelegate.swift in Sources */ = {isa = PBXBuildFile; fileRef = AA8BF74928567A1C0010FA1E /* AppDelegate.swift */; };
		AA8BF74C28567A1C0010FA1E /* SceneDelegate.swift in Sources */ = {isa = PBXBuildFile; fileRef = AA8BF74B28567A1C0010FA1E /* SceneDelegate.swift */; };
		AA8BF75428567A1C0010FA1E /* LyraPlay.xcdatamodeld in Sources */ = {isa = PBXBuildFile; fileRef = AA8BF75228567A1C0010FA1E /* LyraPlay.xcdatamodeld */; };
		AA8BF75628567A1F0010FA1E /* Assets.xcassets in Resources */ = {isa = PBXBuildFile; fileRef = AA8BF75528567A1F0010FA1E /* Assets.xcassets */; };
		AA8BF75928567A1F0010FA1E /* LaunchScreen.storyboard in Resources */ = {isa = PBXBuildFile; fileRef = AA8BF75728567A1F0010FA1E /* LaunchScreen.storyboard */; };
		AA8BF76E28567A1F0010FA1E /* LyraPlayUITests.swift in Sources */ = {isa = PBXBuildFile; fileRef = AA8BF76D28567A1F0010FA1E /* LyraPlayUITests.swift */; };
		AA8BF77028567A1F0010FA1E /* LyraPlayUITestsLaunchTests.swift in Sources */ = {isa = PBXBuildFile; fileRef = AA8BF76F28567A1F0010FA1E /* LyraPlayUITestsLaunchTests.swift */; };
		AA8BF78228567C410010FA1E /* AppCoordinator.swift in Sources */ = {isa = PBXBuildFile; fileRef = AA8BF78128567C410010FA1E /* AppCoordinator.swift */; };
		AA9BEAFE2865BFD30028DF8E /* ImportAudioFileUseCaseTests.swift in Sources */ = {isa = PBXBuildFile; fileRef = AA9BEAFD2865BFD30028DF8E /* ImportAudioFileUseCaseTests.swift */; };
		AA9BEB002865D4540028DF8E /* ImportAudioFileUseCase.swift in Sources */ = {isa = PBXBuildFile; fileRef = AA9BEAFF2865D4540028DF8E /* ImportAudioFileUseCase.swift */; };
		AA9BEB022865D5BB0028DF8E /* AudioFileInfo.swift in Sources */ = {isa = PBXBuildFile; fileRef = AA9BEB012865D5BB0028DF8E /* AudioFileInfo.swift */; };
		AA9BEB062865D78C0028DF8E /* AudioLibraryRepository.swift in Sources */ = {isa = PBXBuildFile; fileRef = AA9BEB052865D78C0028DF8E /* AudioLibraryRepository.swift */; };
		AA9BEB0B28661DCE0028DF8E /* CoreDataAudioLibraryRepositoryTests.swift in Sources */ = {isa = PBXBuildFile; fileRef = AA9BEB0A28661DCE0028DF8E /* CoreDataAudioLibraryRepositoryTests.swift */; };
		AACEA31228699F5500111565 /* BrowseAudioFilesUseCaseTests.swift in Sources */ = {isa = PBXBuildFile; fileRef = AACEA31128699F5500111565 /* BrowseAudioFilesUseCaseTests.swift */; };
		AACEA3152869A32A00111565 /* AudioLibraryRepositoryMock.swift in Sources */ = {isa = PBXBuildFile; fileRef = AACEA3142869A32A00111565 /* AudioLibraryRepositoryMock.swift */; };
		AACEA3172869A5C800111565 /* BrowseAudioLibraryUseCase.swift in Sources */ = {isa = PBXBuildFile; fileRef = AACEA3162869A5C800111565 /* BrowseAudioLibraryUseCase.swift */; };
		AACEA31A2869ABD700111565 /* AudioFilesBrowserViewController.swift in Sources */ = {isa = PBXBuildFile; fileRef = AACEA3192869ABD700111565 /* AudioFilesBrowserViewController.swift */; };
		AACEA31C2869ABEB00111565 /* AudioFilesBrowserViewModel.swift in Sources */ = {isa = PBXBuildFile; fileRef = AACEA31B2869ABEB00111565 /* AudioFilesBrowserViewModel.swift */; };
		AACEA3202869AC5B00111565 /* AudioFilesBrowserViewModelTests.swift in Sources */ = {isa = PBXBuildFile; fileRef = AACEA31F2869AC5B00111565 /* AudioFilesBrowserViewModelTests.swift */; };
		AACEA3232869B14000111565 /* Observable.swift in Sources */ = {isa = PBXBuildFile; fileRef = AACEA3222869B14000111565 /* Observable.swift */; };
		AACEA3262869B17E00111565 /* ObservableTests.swift in Sources */ = {isa = PBXBuildFile; fileRef = AACEA3252869B17E00111565 /* ObservableTests.swift */; };
		AACEA3282869E9C500111565 /* AudioFilesBrowserViewControllerFactory.swift in Sources */ = {isa = PBXBuildFile; fileRef = AACEA3272869E9C500111565 /* AudioFilesBrowserViewControllerFactory.swift */; };
		AACEA32B2869ED5800111565 /* AudioFilesBrowserCell.swift in Sources */ = {isa = PBXBuildFile; fileRef = AACEA32A2869ED5800111565 /* AudioFilesBrowserCell.swift */; };
		AACEA32D2869EDE400111565 /* AudioFilesBrowserCellViewModel.swift in Sources */ = {isa = PBXBuildFile; fileRef = AACEA32C2869EDE400111565 /* AudioFilesBrowserCellViewModel.swift */; };
		AACEA32F286A418600111565 /* FilePickerViewController.swift in Sources */ = {isa = PBXBuildFile; fileRef = AACEA32E286A418600111565 /* FilePickerViewController.swift */; };
		AAFB979328759C45007A76A7 /* MessageChannelTests.swift in Sources */ = {isa = PBXBuildFile; fileRef = AAFB979228759C45007A76A7 /* MessageChannelTests.swift */; };
		AAFB979528759D45007A76A7 /* MessageChannel.swift in Sources */ = {isa = PBXBuildFile; fileRef = AAFB979428759D45007A76A7 /* MessageChannel.swift */; };
		AAFB97972875BCAD007A76A7 /* Subtitles.swift in Sources */ = {isa = PBXBuildFile; fileRef = AAFB97962875BCAD007A76A7 /* Subtitles.swift */; };
		AAFB979B2875C60F007A76A7 /* LyricsParserTests.swift in Sources */ = {isa = PBXBuildFile; fileRef = AAFB979A2875C60F007A76A7 /* LyricsParserTests.swift */; };
		AAFB979F2875CFA9007A76A7 /* SubtitlesParser.swift in Sources */ = {isa = PBXBuildFile; fileRef = AAFB979E2875CFA9007A76A7 /* SubtitlesParser.swift */; };
		AAFB97A12875D0FD007A76A7 /* LyricsParser.swift in Sources */ = {isa = PBXBuildFile; fileRef = AAFB97A02875D0FD007A76A7 /* LyricsParser.swift */; };
/* End PBXBuildFile section */

/* Begin PBXContainerItemProxy section */
		AA8BF76028567A1F0010FA1E /* PBXContainerItemProxy */ = {
			isa = PBXContainerItemProxy;
			containerPortal = AA8BF73E28567A1C0010FA1E /* Project object */;
			proxyType = 1;
			remoteGlobalIDString = AA8BF74528567A1C0010FA1E;
			remoteInfo = LyraPlay;
		};
		AA8BF76A28567A1F0010FA1E /* PBXContainerItemProxy */ = {
			isa = PBXContainerItemProxy;
			containerPortal = AA8BF73E28567A1C0010FA1E /* Project object */;
			proxyType = 1;
			remoteGlobalIDString = AA8BF74528567A1C0010FA1E;
			remoteInfo = LyraPlay;
		};
/* End PBXContainerItemProxy section */

/* Begin PBXFileReference section */
		AA0930C3287349DA00E62DB3 /* CurrentPlayerStateUseCase.swift */ = {isa = PBXFileReference; lastKnownFileType = sourcecode.swift; path = CurrentPlayerStateUseCase.swift; sourceTree = "<group>"; };
		AA0930C528739B2000E62DB3 /* AssertSequence.swift */ = {isa = PBXFileReference; lastKnownFileType = sourcecode.swift; path = AssertSequence.swift; sourceTree = "<group>"; };
		AA0930C728739B8500E62DB3 /* AudioServiceMock.swift */ = {isa = PBXFileReference; lastKnownFileType = sourcecode.swift; path = AudioServiceMock.swift; sourceTree = "<group>"; };
		AA0930C928739BD900E62DB3 /* ShowMediaInfoUseCaseMock.swift */ = {isa = PBXFileReference; lastKnownFileType = sourcecode.swift; path = ShowMediaInfoUseCaseMock.swift; sourceTree = "<group>"; };
		AA0D3F7A2875F7A8006717B9 /* DurationParser.swift */ = {isa = PBXFileReference; lastKnownFileType = sourcecode.swift; path = DurationParser.swift; sourceTree = "<group>"; };
		AA0D3F7C2875F811006717B9 /* DurationParserTests.swift */ = {isa = PBXFileReference; lastKnownFileType = sourcecode.swift; path = DurationParserTests.swift; sourceTree = "<group>"; };
		AA0D3F802876244C006717B9 /* CoreDataSubtitlesRepositoryTests.swift */ = {isa = PBXFileReference; lastKnownFileType = sourcecode.swift; path = CoreDataSubtitlesRepositoryTests.swift; sourceTree = "<group>"; };
		AA1ACC212862FE7E000EEDD5 /* DefaultTagsParserTests.swift */ = {isa = PBXFileReference; lastKnownFileType = sourcecode.swift; path = DefaultTagsParserTests.swift; sourceTree = "<group>"; };
		AA1ACC2B286317A2000EEDD5 /* TagsParser.swift */ = {isa = PBXFileReference; lastKnownFileType = sourcecode.swift; path = TagsParser.swift; sourceTree = "<group>"; };
		AA1ACC30286329B8000EEDD5 /* test_music_with_tags.mp3 */ = {isa = PBXFileReference; lastKnownFileType = audio.mp3; path = test_music_with_tags.mp3; sourceTree = "<group>"; };
		AA252C9628744481001B7AEE /* LoadTrackUseCaseMock.swift */ = {isa = PBXFileReference; lastKnownFileType = sourcecode.swift; path = LoadTrackUseCaseMock.swift; sourceTree = "<group>"; };
		AA252C9928747520001B7AEE /* AudioServiceTests.swift */ = {isa = PBXFileReference; lastKnownFileType = sourcecode.swift; path = AudioServiceTests.swift; sourceTree = "<group>"; };
		AA252C9B2874E302001B7AEE /* XCTestCase+MemoryLeakDetection.swift */ = {isa = PBXFileReference; lastKnownFileType = sourcecode.swift; path = "XCTestCase+MemoryLeakDetection.swift"; sourceTree = "<group>"; };
		AA2BE88A2866EE59005C1AAD /* CoreDataAudioFilesRepository.swift */ = {isa = PBXFileReference; lastKnownFileType = sourcecode.swift; path = CoreDataAudioFilesRepository.swift; sourceTree = "<group>"; };
		AA2BE88C2866EF35005C1AAD /* CoreDataStore.swift */ = {isa = PBXFileReference; lastKnownFileType = sourcecode.swift; path = CoreDataStore.swift; sourceTree = "<group>"; };
		AA35E57D286A993B0086DB28 /* TagsParserMock.swift */ = {isa = PBXFileReference; lastKnownFileType = sourcecode.swift; path = TagsParserMock.swift; sourceTree = "<group>"; };
		AA35E57F286AA07F0086DB28 /* LocalFilesRepositoryTests.swift */ = {isa = PBXFileReference; lastKnownFileType = sourcecode.swift; path = LocalFilesRepositoryTests.swift; sourceTree = "<group>"; };
		AA35E581286AA3D90086DB28 /* FilesRepository.swift */ = {isa = PBXFileReference; lastKnownFileType = sourcecode.swift; path = FilesRepository.swift; sourceTree = "<group>"; };
		AA35E584286AA5E10086DB28 /* LocalFilesRepository.swift */ = {isa = PBXFileReference; lastKnownFileType = sourcecode.swift; path = LocalFilesRepository.swift; sourceTree = "<group>"; };
		AA3BAB16286B67B5005EE01E /* PlayerControlUseCaseTests.swift */ = {isa = PBXFileReference; lastKnownFileType = sourcecode.swift; path = PlayerControlUseCaseTests.swift; sourceTree = "<group>"; };
		AA3BAB18286C6883005EE01E /* PlayerControlUseCase.swift */ = {isa = PBXFileReference; lastKnownFileType = sourcecode.swift; path = PlayerControlUseCase.swift; sourceTree = "<group>"; };
		AA3BAB1A286C7225005EE01E /* PlayerState.swift */ = {isa = PBXFileReference; lastKnownFileType = sourcecode.swift; path = PlayerState.swift; sourceTree = "<group>"; };
		AA3BAB1C286C728B005EE01E /* PlayerStateRepository.swift */ = {isa = PBXFileReference; lastKnownFileType = sourcecode.swift; path = PlayerStateRepository.swift; sourceTree = "<group>"; };
		AA3BAB1E286C73A3005EE01E /* DefaultPlayerStateRepository.swift */ = {isa = PBXFileReference; lastKnownFileType = sourcecode.swift; path = DefaultPlayerStateRepository.swift; sourceTree = "<group>"; };
		AA3BAB21286C7D32005EE01E /* KeyValueStore.swift */ = {isa = PBXFileReference; lastKnownFileType = sourcecode.swift; path = KeyValueStore.swift; sourceTree = "<group>"; };
		AA3BAB24286C7EE2005EE01E /* UserDefaultsKeyValueStoreTests.swift */ = {isa = PBXFileReference; lastKnownFileType = sourcecode.swift; path = UserDefaultsKeyValueStoreTests.swift; sourceTree = "<group>"; };
		AA3BAB27286CC646005EE01E /* AudioPlayerService.swift */ = {isa = PBXFileReference; lastKnownFileType = sourcecode.swift; path = AudioPlayerService.swift; sourceTree = "<group>"; };
		AA3BAB2D286CC79F005EE01E /* DefaultAudioPlayerService.swift */ = {isa = PBXFileReference; lastKnownFileType = sourcecode.swift; path = DefaultAudioPlayerService.swift; sourceTree = "<group>"; };
		AA415083286B0987004549F4 /* AssertResult.swift */ = {isa = PBXFileReference; lastKnownFileType = sourcecode.swift; path = AssertResult.swift; sourceTree = "<group>"; };
		AA415087286B2BA4004549F4 /* test_cover_image.png */ = {isa = PBXFileReference; lastKnownFileType = image.png; path = test_cover_image.png; sourceTree = "<group>"; };
		AA415089286B2ECA004549F4 /* FilesRepositoryMock.swift */ = {isa = PBXFileReference; lastKnownFileType = sourcecode.swift; path = FilesRepositoryMock.swift; sourceTree = "<group>"; };
		AA41508B286B603B004549F4 /* AudioFilesBrowserCell+Styles.swift */ = {isa = PBXFileReference; lastKnownFileType = sourcecode.swift; path = "AudioFilesBrowserCell+Styles.swift"; sourceTree = "<group>"; };
		AA41508D286B647D004549F4 /* AudioFilesBrowserCell+Layout.swift */ = {isa = PBXFileReference; lastKnownFileType = sourcecode.swift; path = "AudioFilesBrowserCell+Layout.swift"; sourceTree = "<group>"; };
		AA4F96FC286E325A0087F45A /* PlayerViewController.swift */ = {isa = PBXFileReference; lastKnownFileType = sourcecode.swift; path = PlayerViewController.swift; sourceTree = "<group>"; };
		AA4F96FE286E32710087F45A /* PlayerViewController+Layout.swift */ = {isa = PBXFileReference; lastKnownFileType = sourcecode.swift; path = "PlayerViewController+Layout.swift"; sourceTree = "<group>"; };
		AA4F9700286E327D0087F45A /* PlayerViewController+Styles.swift */ = {isa = PBXFileReference; lastKnownFileType = sourcecode.swift; path = "PlayerViewController+Styles.swift"; sourceTree = "<group>"; };
		AA4F9702286E32870087F45A /* PlayerViewControllerFactory.swift */ = {isa = PBXFileReference; lastKnownFileType = sourcecode.swift; path = PlayerViewControllerFactory.swift; sourceTree = "<group>"; };
		AA4F9704286E32C10087F45A /* PlayerViewModel.swift */ = {isa = PBXFileReference; lastKnownFileType = sourcecode.swift; path = PlayerViewModel.swift; sourceTree = "<group>"; };
		AA4F9706286E3C380087F45A /* AudioFilesBrowserViewController+Styles.swift */ = {isa = PBXFileReference; lastKnownFileType = sourcecode.swift; path = "AudioFilesBrowserViewController+Styles.swift"; sourceTree = "<group>"; };
		AA4F9708286E3C4C0087F45A /* AudioFilesBrowserViewController+Layout.swift */ = {isa = PBXFileReference; lastKnownFileType = sourcecode.swift; path = "AudioFilesBrowserViewController+Layout.swift"; sourceTree = "<group>"; };
		AA598D192868D3EC001F3DE1 /* ManagedAudioFile+CoreDataClass.swift */ = {isa = PBXFileReference; lastKnownFileType = sourcecode.swift; path = "ManagedAudioFile+CoreDataClass.swift"; sourceTree = "<group>"; };
		AA598D1A2868D3EC001F3DE1 /* ManagedAudioFile+CoreDataProperties.swift */ = {isa = PBXFileReference; lastKnownFileType = sourcecode.swift; path = "ManagedAudioFile+CoreDataProperties.swift"; sourceTree = "<group>"; };
		AA598D1E2868D435001F3DE1 /* ManagedAudioFile+Mapping.swift */ = {isa = PBXFileReference; lastKnownFileType = sourcecode.swift; path = "ManagedAudioFile+Mapping.swift"; sourceTree = "<group>"; };
		AA64C819286F170C0089F165 /* PlayerViewModelTests.swift */ = {isa = PBXFileReference; lastKnownFileType = sourcecode.swift; path = PlayerViewModelTests.swift; sourceTree = "<group>"; };
		AA64C81C286F181F0089F165 /* AudioPlayerUseCaseMock.swift */ = {isa = PBXFileReference; lastKnownFileType = sourcecode.swift; path = AudioPlayerUseCaseMock.swift; sourceTree = "<group>"; };
		AA731CBC2870395B0044412F /* NowPlayingInfoService.swift */ = {isa = PBXFileReference; lastKnownFileType = sourcecode.swift; path = NowPlayingInfoService.swift; sourceTree = "<group>"; };
		AA731CC228706CBB0044412F /* ShowMediaInfoUseCaseTests.swift */ = {isa = PBXFileReference; lastKnownFileType = sourcecode.swift; path = ShowMediaInfoUseCaseTests.swift; sourceTree = "<group>"; };
		AA731CC4287070C00044412F /* ShowMediaInfoUseCase.swift */ = {isa = PBXFileReference; lastKnownFileType = sourcecode.swift; path = ShowMediaInfoUseCase.swift; sourceTree = "<group>"; };
		AA731CC728707EE50044412F /* Result+Utils.swift */ = {isa = PBXFileReference; lastKnownFileType = sourcecode.swift; path = "Result+Utils.swift"; sourceTree = "<group>"; };
		AA731CC92870BE890044412F /* LoadTrackUseCaseTests.swift */ = {isa = PBXFileReference; lastKnownFileType = sourcecode.swift; path = LoadTrackUseCaseTests.swift; sourceTree = "<group>"; };
		AA731CCB2870C2560044412F /* LoadTrackUseCase.swift */ = {isa = PBXFileReference; lastKnownFileType = sourcecode.swift; path = LoadTrackUseCase.swift; sourceTree = "<group>"; };
		AA731CD12870D25C0044412F /* LibraryItemViewModelTests.swift */ = {isa = PBXFileReference; lastKnownFileType = sourcecode.swift; path = LibraryItemViewModelTests.swift; sourceTree = "<group>"; };
		AA731CD42870DA740044412F /* LibraryItemViewModel.swift */ = {isa = PBXFileReference; lastKnownFileType = sourcecode.swift; path = LibraryItemViewModel.swift; sourceTree = "<group>"; };
		AA7B0D4F28719AE20067DDB5 /* LibraryItemViewController.swift */ = {isa = PBXFileReference; lastKnownFileType = sourcecode.swift; path = LibraryItemViewController.swift; sourceTree = "<group>"; };
		AA7B0D512871A6E00067DDB5 /* LibraryItemViewController+Layout.swift */ = {isa = PBXFileReference; lastKnownFileType = sourcecode.swift; path = "LibraryItemViewController+Layout.swift"; sourceTree = "<group>"; };
		AA7B0D532871A70F0067DDB5 /* LibraryItemViewController+Styles.swift */ = {isa = PBXFileReference; lastKnownFileType = sourcecode.swift; path = "LibraryItemViewController+Styles.swift"; sourceTree = "<group>"; };
		AA7B0D552871A7390067DDB5 /* LibraryItemViewControllerFactory.swift */ = {isa = PBXFileReference; lastKnownFileType = sourcecode.swift; path = LibraryItemViewControllerFactory.swift; sourceTree = "<group>"; };
		AA7B0D582871BB340067DDB5 /* ShadowView.swift */ = {isa = PBXFileReference; lastKnownFileType = sourcecode.swift; path = ShadowView.swift; sourceTree = "<group>"; };
		AA7B0D5A2871BB500067DDB5 /* ShapedView.swift */ = {isa = PBXFileReference; lastKnownFileType = sourcecode.swift; path = ShapedView.swift; sourceTree = "<group>"; };
		AA7B0D5C2871BBA20067DDB5 /* ImageViewShadowed.swift */ = {isa = PBXFileReference; lastKnownFileType = sourcecode.swift; path = ImageViewShadowed.swift; sourceTree = "<group>"; };
		AA7B0D6028721A3F0067DDB5 /* RedHatDisplay-BlackItalic.ttf */ = {isa = PBXFileReference; lastKnownFileType = file; path = "RedHatDisplay-BlackItalic.ttf"; sourceTree = "<group>"; };
		AA7B0D6128721A3F0067DDB5 /* RedHatDisplay-Black.ttf */ = {isa = PBXFileReference; lastKnownFileType = file; path = "RedHatDisplay-Black.ttf"; sourceTree = "<group>"; };
		AA7B0D6228721A3F0067DDB5 /* RedHatDisplay-ExtraBold.ttf */ = {isa = PBXFileReference; lastKnownFileType = file; path = "RedHatDisplay-ExtraBold.ttf"; sourceTree = "<group>"; };
		AA7B0D6328721A3F0067DDB5 /* RedHatDisplay-MediumItalic.ttf */ = {isa = PBXFileReference; lastKnownFileType = file; path = "RedHatDisplay-MediumItalic.ttf"; sourceTree = "<group>"; };
		AA7B0D6428721A3F0067DDB5 /* RedHatDisplay-SemiBoldItalic.ttf */ = {isa = PBXFileReference; lastKnownFileType = file; path = "RedHatDisplay-SemiBoldItalic.ttf"; sourceTree = "<group>"; };
		AA7B0D6528721A3F0067DDB5 /* RedHatDisplay-Italic.ttf */ = {isa = PBXFileReference; lastKnownFileType = file; path = "RedHatDisplay-Italic.ttf"; sourceTree = "<group>"; };
		AA7B0D6628721A3F0067DDB5 /* RedHatDisplay-Bold.ttf */ = {isa = PBXFileReference; lastKnownFileType = file; path = "RedHatDisplay-Bold.ttf"; sourceTree = "<group>"; };
		AA7B0D6728721A3F0067DDB5 /* RedHatDisplay-LightItalic.ttf */ = {isa = PBXFileReference; lastKnownFileType = file; path = "RedHatDisplay-LightItalic.ttf"; sourceTree = "<group>"; };
		AA7B0D6828721A3F0067DDB5 /* RedHatDisplay-ExtraBoldItalic.ttf */ = {isa = PBXFileReference; lastKnownFileType = file; path = "RedHatDisplay-ExtraBoldItalic.ttf"; sourceTree = "<group>"; };
		AA7B0D6928721A3F0067DDB5 /* RedHatDisplay-Medium.ttf */ = {isa = PBXFileReference; lastKnownFileType = file; path = "RedHatDisplay-Medium.ttf"; sourceTree = "<group>"; };
		AA7B0D6A28721A3F0067DDB5 /* RedHatDisplay-SemiBold.ttf */ = {isa = PBXFileReference; lastKnownFileType = file; path = "RedHatDisplay-SemiBold.ttf"; sourceTree = "<group>"; };
		AA7B0D6B28721A3F0067DDB5 /* RedHatDisplay-BoldItalic.ttf */ = {isa = PBXFileReference; lastKnownFileType = file; path = "RedHatDisplay-BoldItalic.ttf"; sourceTree = "<group>"; };
		AA7B0D6C28721A3F0067DDB5 /* RedHatDisplay-Light.ttf */ = {isa = PBXFileReference; lastKnownFileType = file; path = "RedHatDisplay-Light.ttf"; sourceTree = "<group>"; };
		AA7B0D6D28721A3F0067DDB5 /* RedHatDisplay-Regular.ttf */ = {isa = PBXFileReference; lastKnownFileType = file; path = "RedHatDisplay-Regular.ttf"; sourceTree = "<group>"; };
		AA7B0D7C28721A5E0067DDB5 /* Fonts.swift */ = {isa = PBXFileReference; lastKnownFileType = sourcecode.swift; path = Fonts.swift; sourceTree = "<group>"; };
		AA7B0D7E28721B050067DDB5 /* UIFont+Utils.swift */ = {isa = PBXFileReference; lastKnownFileType = sourcecode.swift; path = "UIFont+Utils.swift"; sourceTree = "<group>"; };
		AA7B0D80287234F70067DDB5 /* CurrentPlayerStateUseCaseTests.swift */ = {isa = PBXFileReference; lastKnownFileType = sourcecode.swift; path = CurrentPlayerStateUseCaseTests.swift; sourceTree = "<group>"; };
		AA8BF74628567A1C0010FA1E /* LyraPlay.app */ = {isa = PBXFileReference; explicitFileType = wrapper.application; includeInIndex = 0; path = LyraPlay.app; sourceTree = BUILT_PRODUCTS_DIR; };
		AA8BF74928567A1C0010FA1E /* AppDelegate.swift */ = {isa = PBXFileReference; lastKnownFileType = sourcecode.swift; path = AppDelegate.swift; sourceTree = "<group>"; };
		AA8BF74B28567A1C0010FA1E /* SceneDelegate.swift */ = {isa = PBXFileReference; lastKnownFileType = sourcecode.swift; path = SceneDelegate.swift; sourceTree = "<group>"; };
		AA8BF75328567A1C0010FA1E /* LyraPlay.xcdatamodel */ = {isa = PBXFileReference; lastKnownFileType = wrapper.xcdatamodel; path = LyraPlay.xcdatamodel; sourceTree = "<group>"; };
		AA8BF75528567A1F0010FA1E /* Assets.xcassets */ = {isa = PBXFileReference; lastKnownFileType = folder.assetcatalog; path = Assets.xcassets; sourceTree = "<group>"; };
		AA8BF75828567A1F0010FA1E /* Base */ = {isa = PBXFileReference; lastKnownFileType = file.storyboard; name = Base; path = Base.lproj/LaunchScreen.storyboard; sourceTree = "<group>"; };
		AA8BF75A28567A1F0010FA1E /* Info.plist */ = {isa = PBXFileReference; lastKnownFileType = text.plist.xml; path = Info.plist; sourceTree = "<group>"; };
		AA8BF75F28567A1F0010FA1E /* LyraPlayTests.xctest */ = {isa = PBXFileReference; explicitFileType = wrapper.cfbundle; includeInIndex = 0; path = LyraPlayTests.xctest; sourceTree = BUILT_PRODUCTS_DIR; };
		AA8BF76928567A1F0010FA1E /* LyraPlayUITests.xctest */ = {isa = PBXFileReference; explicitFileType = wrapper.cfbundle; includeInIndex = 0; path = LyraPlayUITests.xctest; sourceTree = BUILT_PRODUCTS_DIR; };
		AA8BF76D28567A1F0010FA1E /* LyraPlayUITests.swift */ = {isa = PBXFileReference; lastKnownFileType = sourcecode.swift; path = LyraPlayUITests.swift; sourceTree = "<group>"; };
		AA8BF76F28567A1F0010FA1E /* LyraPlayUITestsLaunchTests.swift */ = {isa = PBXFileReference; lastKnownFileType = sourcecode.swift; path = LyraPlayUITestsLaunchTests.swift; sourceTree = "<group>"; };
		AA8BF78128567C410010FA1E /* AppCoordinator.swift */ = {isa = PBXFileReference; lastKnownFileType = sourcecode.swift; path = AppCoordinator.swift; sourceTree = "<group>"; };
		AA9BEAFD2865BFD30028DF8E /* ImportAudioFileUseCaseTests.swift */ = {isa = PBXFileReference; lastKnownFileType = sourcecode.swift; path = ImportAudioFileUseCaseTests.swift; sourceTree = "<group>"; };
		AA9BEAFF2865D4540028DF8E /* ImportAudioFileUseCase.swift */ = {isa = PBXFileReference; lastKnownFileType = sourcecode.swift; path = ImportAudioFileUseCase.swift; sourceTree = "<group>"; };
		AA9BEB012865D5BB0028DF8E /* AudioFileInfo.swift */ = {isa = PBXFileReference; lastKnownFileType = sourcecode.swift; path = AudioFileInfo.swift; sourceTree = "<group>"; };
		AA9BEB052865D78C0028DF8E /* AudioLibraryRepository.swift */ = {isa = PBXFileReference; lastKnownFileType = sourcecode.swift; path = AudioLibraryRepository.swift; sourceTree = "<group>"; };
		AA9BEB0A28661DCE0028DF8E /* CoreDataAudioLibraryRepositoryTests.swift */ = {isa = PBXFileReference; lastKnownFileType = sourcecode.swift; path = CoreDataAudioLibraryRepositoryTests.swift; sourceTree = "<group>"; };
		AACEA31128699F5500111565 /* BrowseAudioFilesUseCaseTests.swift */ = {isa = PBXFileReference; lastKnownFileType = sourcecode.swift; path = BrowseAudioFilesUseCaseTests.swift; sourceTree = "<group>"; };
		AACEA3142869A32A00111565 /* AudioLibraryRepositoryMock.swift */ = {isa = PBXFileReference; lastKnownFileType = sourcecode.swift; path = AudioLibraryRepositoryMock.swift; sourceTree = "<group>"; };
		AACEA3162869A5C800111565 /* BrowseAudioLibraryUseCase.swift */ = {isa = PBXFileReference; lastKnownFileType = sourcecode.swift; path = BrowseAudioLibraryUseCase.swift; sourceTree = "<group>"; };
		AACEA3192869ABD700111565 /* AudioFilesBrowserViewController.swift */ = {isa = PBXFileReference; lastKnownFileType = sourcecode.swift; path = AudioFilesBrowserViewController.swift; sourceTree = "<group>"; };
		AACEA31B2869ABEB00111565 /* AudioFilesBrowserViewModel.swift */ = {isa = PBXFileReference; lastKnownFileType = sourcecode.swift; path = AudioFilesBrowserViewModel.swift; sourceTree = "<group>"; };
		AACEA31F2869AC5B00111565 /* AudioFilesBrowserViewModelTests.swift */ = {isa = PBXFileReference; lastKnownFileType = sourcecode.swift; path = AudioFilesBrowserViewModelTests.swift; sourceTree = "<group>"; };
		AACEA3222869B14000111565 /* Observable.swift */ = {isa = PBXFileReference; lastKnownFileType = sourcecode.swift; path = Observable.swift; sourceTree = "<group>"; };
		AACEA3252869B17E00111565 /* ObservableTests.swift */ = {isa = PBXFileReference; lastKnownFileType = sourcecode.swift; path = ObservableTests.swift; sourceTree = "<group>"; };
		AACEA3272869E9C500111565 /* AudioFilesBrowserViewControllerFactory.swift */ = {isa = PBXFileReference; lastKnownFileType = sourcecode.swift; path = AudioFilesBrowserViewControllerFactory.swift; sourceTree = "<group>"; };
		AACEA32A2869ED5800111565 /* AudioFilesBrowserCell.swift */ = {isa = PBXFileReference; lastKnownFileType = sourcecode.swift; path = AudioFilesBrowserCell.swift; sourceTree = "<group>"; };
		AACEA32C2869EDE400111565 /* AudioFilesBrowserCellViewModel.swift */ = {isa = PBXFileReference; lastKnownFileType = sourcecode.swift; path = AudioFilesBrowserCellViewModel.swift; sourceTree = "<group>"; };
		AACEA32E286A418600111565 /* FilePickerViewController.swift */ = {isa = PBXFileReference; lastKnownFileType = sourcecode.swift; path = FilePickerViewController.swift; sourceTree = "<group>"; };
		AAFB979228759C45007A76A7 /* MessageChannelTests.swift */ = {isa = PBXFileReference; lastKnownFileType = sourcecode.swift; path = MessageChannelTests.swift; sourceTree = "<group>"; };
		AAFB979428759D45007A76A7 /* MessageChannel.swift */ = {isa = PBXFileReference; lastKnownFileType = sourcecode.swift; path = MessageChannel.swift; sourceTree = "<group>"; };
		AAFB97962875BCAD007A76A7 /* Subtitles.swift */ = {isa = PBXFileReference; lastKnownFileType = sourcecode.swift; path = Subtitles.swift; sourceTree = "<group>"; };
		AAFB979A2875C60F007A76A7 /* LyricsParserTests.swift */ = {isa = PBXFileReference; lastKnownFileType = sourcecode.swift; path = LyricsParserTests.swift; sourceTree = "<group>"; };
		AAFB979E2875CFA9007A76A7 /* SubtitlesParser.swift */ = {isa = PBXFileReference; lastKnownFileType = sourcecode.swift; path = SubtitlesParser.swift; sourceTree = "<group>"; };
		AAFB97A02875D0FD007A76A7 /* LyricsParser.swift */ = {isa = PBXFileReference; lastKnownFileType = sourcecode.swift; path = LyricsParser.swift; sourceTree = "<group>"; };
/* End PBXFileReference section */

/* Begin PBXFrameworksBuildPhase section */
		AA8BF74328567A1C0010FA1E /* Frameworks */ = {
			isa = PBXFrameworksBuildPhase;
			buildActionMask = 2147483647;
			files = (
			);
			runOnlyForDeploymentPostprocessing = 0;
		};
		AA8BF75C28567A1F0010FA1E /* Frameworks */ = {
			isa = PBXFrameworksBuildPhase;
			buildActionMask = 2147483647;
			files = (
			);
			runOnlyForDeploymentPostprocessing = 0;
		};
		AA8BF76628567A1F0010FA1E /* Frameworks */ = {
			isa = PBXFrameworksBuildPhase;
			buildActionMask = 2147483647;
			files = (
			);
			runOnlyForDeploymentPostprocessing = 0;
		};
/* End PBXFrameworksBuildPhase section */

/* Begin PBXGroup section */
		AA0D3F752875F716006717B9 /* Utils */ = {
			isa = PBXGroup;
			children = (
			);
			path = Utils;
			sourceTree = "<group>";
		};
		AA1ACC1628624D25000EEDD5 /* Models */ = {
			isa = PBXGroup;
			children = (
				AA9BEB012865D5BB0028DF8E /* AudioFileInfo.swift */,
				AA3BAB1A286C7225005EE01E /* PlayerState.swift */,
				AAFB97962875BCAD007A76A7 /* Subtitles.swift */,
			);
			path = Models;
			sourceTree = "<group>";
		};
		AA1ACC202862FE65000EEDD5 /* Data */ = {
			isa = PBXGroup;
			children = (
				AAFB97982875C5D1007A76A7 /* Utils */,
				AA252C982874750C001B7AEE /* Services */,
				AA3BAB23286C7EB9005EE01E /* Stores */,
				AA9BEB0928661DA70028DF8E /* Repositories */,
			);
			path = Data;
			sourceTree = "<group>";
		};
		AA1ACC2528630F9E000EEDD5 /* DefaultTagsParser */ = {
			isa = PBXGroup;
			children = (
				AA1ACC212862FE7E000EEDD5 /* DefaultTagsParserTests.swift */,
			);
			path = DefaultTagsParser;
			sourceTree = "<group>";
		};
		AA1ACC2628630FCD000EEDD5 /* Assets */ = {
			isa = PBXGroup;
			children = (
				AA1ACC30286329B8000EEDD5 /* test_music_with_tags.mp3 */,
				AA415087286B2BA4004549F4 /* test_cover_image.png */,
			);
			path = Assets;
			sourceTree = "<group>";
		};
		AA252C982874750C001B7AEE /* Services */ = {
			isa = PBXGroup;
			children = (
				AA252C9928747520001B7AEE /* AudioServiceTests.swift */,
			);
			path = Services;
			sourceTree = "<group>";
		};
		AA2BE8882866EE2B005C1AAD /* Storages */ = {
			isa = PBXGroup;
			children = (
				AA2BE8892866EE35005C1AAD /* Persistance */,
			);
			path = Storages;
			sourceTree = "<group>";
		};
		AA2BE8892866EE35005C1AAD /* Persistance */ = {
			isa = PBXGroup;
			children = (
				AA35E583286AA5950086DB28 /* CoreData */,
				AA35E584286AA5E10086DB28 /* LocalFilesRepository.swift */,
				AA3BAB21286C7D32005EE01E /* KeyValueStore.swift */,
			);
			path = Persistance;
			sourceTree = "<group>";
		};
		AA35E583286AA5950086DB28 /* CoreData */ = {
			isa = PBXGroup;
			children = (
				AA598D1D2868D403001F3DE1 /* ManagedObjects */,
				AA8BF75228567A1C0010FA1E /* LyraPlay.xcdatamodeld */,
				AA2BE88C2866EF35005C1AAD /* CoreDataStore.swift */,
				AA2BE88A2866EE59005C1AAD /* CoreDataAudioFilesRepository.swift */,
			);
			path = CoreData;
			sourceTree = "<group>";
		};
		AA3BAB23286C7EB9005EE01E /* Stores */ = {
			isa = PBXGroup;
			children = (
				AA3BAB24286C7EE2005EE01E /* UserDefaultsKeyValueStoreTests.swift */,
			);
			path = Stores;
			sourceTree = "<group>";
		};
		AA3BAB26286CC623005EE01E /* Services */ = {
			isa = PBXGroup;
			children = (
				AA3BAB27286CC646005EE01E /* AudioPlayerService.swift */,
			);
			path = Services;
			sourceTree = "<group>";
		};
		AA3BAB2C286CC76E005EE01E /* Services */ = {
			isa = PBXGroup;
			children = (
				AA3BAB2D286CC79F005EE01E /* DefaultAudioPlayerService.swift */,
				AA731CBC2870395B0044412F /* NowPlayingInfoService.swift */,
			);
			path = Services;
			sourceTree = "<group>";
		};
		AA415082286B0979004549F4 /* TestUtils */ = {
			isa = PBXGroup;
			children = (
				AA415083286B0987004549F4 /* AssertResult.swift */,
				AA252C9B2874E302001B7AEE /* XCTestCase+MemoryLeakDetection.swift */,
				AA0930C528739B2000E62DB3 /* AssertSequence.swift */,
			);
			path = TestUtils;
			sourceTree = "<group>";
		};
		AA4F96FB286E322C0087F45A /* PlayerViewController */ = {
			isa = PBXGroup;
			children = (
				AA4F96FC286E325A0087F45A /* PlayerViewController.swift */,
				AA4F9704286E32C10087F45A /* PlayerViewModel.swift */,
				AA4F96FE286E32710087F45A /* PlayerViewController+Layout.swift */,
				AA4F9700286E327D0087F45A /* PlayerViewController+Styles.swift */,
				AA4F9702286E32870087F45A /* PlayerViewControllerFactory.swift */,
			);
			path = PlayerViewController;
			sourceTree = "<group>";
		};
		AA598D1D2868D403001F3DE1 /* ManagedObjects */ = {
			isa = PBXGroup;
			children = (
				AA598D192868D3EC001F3DE1 /* ManagedAudioFile+CoreDataClass.swift */,
				AA598D1A2868D3EC001F3DE1 /* ManagedAudioFile+CoreDataProperties.swift */,
				AA598D1E2868D435001F3DE1 /* ManagedAudioFile+Mapping.swift */,
			);
			path = ManagedObjects;
			sourceTree = "<group>";
		};
		AA64C818286F16F00089F165 /* Player */ = {
			isa = PBXGroup;
			children = (
				AA64C819286F170C0089F165 /* PlayerViewModelTests.swift */,
			);
			path = Player;
			sourceTree = "<group>";
		};
		AA64C81B286F18120089F165 /* Mocks */ = {
			isa = PBXGroup;
			children = (
				AA64C81C286F181F0089F165 /* AudioPlayerUseCaseMock.swift */,
			);
			path = Mocks;
			sourceTree = "<group>";
		};
		AA731CC628707ED20044412F /* Extensions */ = {
			isa = PBXGroup;
			children = (
				AA731CC728707EE50044412F /* Result+Utils.swift */,
			);
			path = Extensions;
			sourceTree = "<group>";
		};
		AA731CD02870D1F80044412F /* LibraryItem */ = {
			isa = PBXGroup;
			children = (
				AA731CD12870D25C0044412F /* LibraryItemViewModelTests.swift */,
			);
			path = LibraryItem;
			sourceTree = "<group>";
		};
		AA731CD32870DA510044412F /* LibraryItem */ = {
			isa = PBXGroup;
			children = (
				AA731CD42870DA740044412F /* LibraryItemViewModel.swift */,
				AA7B0D4F28719AE20067DDB5 /* LibraryItemViewController.swift */,
				AA7B0D512871A6E00067DDB5 /* LibraryItemViewController+Layout.swift */,
				AA7B0D532871A70F0067DDB5 /* LibraryItemViewController+Styles.swift */,
				AA7B0D552871A7390067DDB5 /* LibraryItemViewControllerFactory.swift */,
			);
			path = LibraryItem;
			sourceTree = "<group>";
		};
		AA7B0D572871BB260067DDB5 /* Views */ = {
			isa = PBXGroup;
			children = (
				AA7B0D582871BB340067DDB5 /* ShadowView.swift */,
				AA7B0D5A2871BB500067DDB5 /* ShapedView.swift */,
				AA7B0D5C2871BBA20067DDB5 /* ImageViewShadowed.swift */,
			);
			path = Views;
			sourceTree = "<group>";
		};
		AA7B0D5E28721A3F0067DDB5 /* fonts */ = {
			isa = PBXGroup;
			children = (
				AA7B0D5F28721A3F0067DDB5 /* RedHatDisplay */,
			);
			path = fonts;
			sourceTree = "<group>";
		};
		AA7B0D5F28721A3F0067DDB5 /* RedHatDisplay */ = {
			isa = PBXGroup;
			children = (
				AA7B0D6028721A3F0067DDB5 /* RedHatDisplay-BlackItalic.ttf */,
				AA7B0D6128721A3F0067DDB5 /* RedHatDisplay-Black.ttf */,
				AA7B0D6228721A3F0067DDB5 /* RedHatDisplay-ExtraBold.ttf */,
				AA7B0D6328721A3F0067DDB5 /* RedHatDisplay-MediumItalic.ttf */,
				AA7B0D6428721A3F0067DDB5 /* RedHatDisplay-SemiBoldItalic.ttf */,
				AA7B0D6528721A3F0067DDB5 /* RedHatDisplay-Italic.ttf */,
				AA7B0D6628721A3F0067DDB5 /* RedHatDisplay-Bold.ttf */,
				AA7B0D6728721A3F0067DDB5 /* RedHatDisplay-LightItalic.ttf */,
				AA7B0D6828721A3F0067DDB5 /* RedHatDisplay-ExtraBoldItalic.ttf */,
				AA7B0D6928721A3F0067DDB5 /* RedHatDisplay-Medium.ttf */,
				AA7B0D6A28721A3F0067DDB5 /* RedHatDisplay-SemiBold.ttf */,
				AA7B0D6B28721A3F0067DDB5 /* RedHatDisplay-BoldItalic.ttf */,
				AA7B0D6C28721A3F0067DDB5 /* RedHatDisplay-Light.ttf */,
				AA7B0D6D28721A3F0067DDB5 /* RedHatDisplay-Regular.ttf */,
			);
			path = RedHatDisplay;
			sourceTree = "<group>";
		};
		AA8BF73D28567A1C0010FA1E = {
			isa = PBXGroup;
			children = (
				AA8BF74828567A1C0010FA1E /* LyraPlay */,
				AA8BF76228567A1F0010FA1E /* LyraPlayTests */,
				AA8BF76C28567A1F0010FA1E /* LyraPlayUITests */,
				AA8BF74728567A1C0010FA1E /* Products */,
			);
			sourceTree = "<group>";
		};
		AA8BF74728567A1C0010FA1E /* Products */ = {
			isa = PBXGroup;
			children = (
				AA8BF74628567A1C0010FA1E /* LyraPlay.app */,
				AA8BF75F28567A1F0010FA1E /* LyraPlayTests.xctest */,
				AA8BF76928567A1F0010FA1E /* LyraPlayUITests.xctest */,
			);
			name = Products;
			sourceTree = "<group>";
		};
		AA8BF74828567A1C0010FA1E /* LyraPlay */ = {
			isa = PBXGroup;
			children = (
				AA731CC628707ED20044412F /* Extensions */,
				AA8BF77C28567A420010FA1E /* Domain */,
				AA8BF77E28567A8F0010FA1E /* Data */,
				AA8BF77D28567A580010FA1E /* Presentation */,
				AA8BF77F28567AA10010FA1E /* Application */,
				AA8BF78028567ACC0010FA1E /* SupportFiles */,
			);
			path = LyraPlay;
			sourceTree = "<group>";
		};
		AA8BF76228567A1F0010FA1E /* LyraPlayTests */ = {
			isa = PBXGroup;
			children = (
				AA415082286B0979004549F4 /* TestUtils */,
				AA0D3F752875F716006717B9 /* Utils */,
				AA1ACC2628630FCD000EEDD5 /* Assets */,
				AA1ACC202862FE65000EEDD5 /* Data */,
				AACEA31D2869AC2300111565 /* Presentation */,
				AA9BEAFA2865BF4A0028DF8E /* Domain */,
			);
			path = LyraPlayTests;
			sourceTree = "<group>";
		};
		AA8BF76C28567A1F0010FA1E /* LyraPlayUITests */ = {
			isa = PBXGroup;
			children = (
				AA8BF76D28567A1F0010FA1E /* LyraPlayUITests.swift */,
				AA8BF76F28567A1F0010FA1E /* LyraPlayUITestsLaunchTests.swift */,
			);
			path = LyraPlayUITests;
			sourceTree = "<group>";
		};
		AA8BF77C28567A420010FA1E /* Domain */ = {
			isa = PBXGroup;
			children = (
				AA9BEB032865D76C0028DF8E /* Interfaces */,
				AA9BEAF92865BF310028DF8E /* UseCases */,
				AA1ACC1628624D25000EEDD5 /* Models */,
			);
			path = Domain;
			sourceTree = "<group>";
		};
		AA8BF77D28567A580010FA1E /* Presentation */ = {
			isa = PBXGroup;
			children = (
				AACEA3182869ABB900111565 /* AudioFilesBrowser */,
				AA4F96FB286E322C0087F45A /* PlayerViewController */,
				AA731CD32870DA510044412F /* LibraryItem */,
				AACEA330286A41CF00111565 /* Common */,
				AACEA3212869B0FC00111565 /* Utils */,
			);
			path = Presentation;
			sourceTree = "<group>";
		};
		AA8BF77E28567A8F0010FA1E /* Data */ = {
			isa = PBXGroup;
			children = (
				AA3BAB2C286CC76E005EE01E /* Services */,
				AA2BE8882866EE2B005C1AAD /* Storages */,
				AA9BEB082865DBE20028DF8E /* Repositories */,
				AA9BEB072865DBCD0028DF8E /* Utils */,
			);
			path = Data;
			sourceTree = "<group>";
		};
		AA8BF77F28567AA10010FA1E /* Application */ = {
			isa = PBXGroup;
			children = (
				AA8BF74928567A1C0010FA1E /* AppDelegate.swift */,
				AA8BF74B28567A1C0010FA1E /* SceneDelegate.swift */,
				AA8BF78128567C410010FA1E /* AppCoordinator.swift */,
			);
			path = Application;
			sourceTree = "<group>";
		};
		AA8BF78028567ACC0010FA1E /* SupportFiles */ = {
			isa = PBXGroup;
			children = (
				AA8BF75528567A1F0010FA1E /* Assets.xcassets */,
				AA8BF75A28567A1F0010FA1E /* Info.plist */,
				AA7B0D5E28721A3F0067DDB5 /* fonts */,
				AA8BF75728567A1F0010FA1E /* LaunchScreen.storyboard */,
				AA7B0D7C28721A5E0067DDB5 /* Fonts.swift */,
			);
			path = SupportFiles;
			sourceTree = "<group>";
		};
		AA9BEAF92865BF310028DF8E /* UseCases */ = {
			isa = PBXGroup;
			children = (
				AA9BEAFF2865D4540028DF8E /* ImportAudioFileUseCase.swift */,
				AACEA3162869A5C800111565 /* BrowseAudioLibraryUseCase.swift */,
				AA3BAB18286C6883005EE01E /* PlayerControlUseCase.swift */,
				AA731CC4287070C00044412F /* ShowMediaInfoUseCase.swift */,
				AA731CCB2870C2560044412F /* LoadTrackUseCase.swift */,
				AA0930C3287349DA00E62DB3 /* CurrentPlayerStateUseCase.swift */,
			);
			path = UseCases;
			sourceTree = "<group>";
		};
		AA9BEAFA2865BF4A0028DF8E /* Domain */ = {
			isa = PBXGroup;
			children = (
				AA9BEAFB2865BF550028DF8E /* UseCases */,
			);
			path = Domain;
			sourceTree = "<group>";
		};
		AA9BEAFB2865BF550028DF8E /* UseCases */ = {
			isa = PBXGroup;
			children = (
				AACEA3132869A31900111565 /* Mocks */,
				AA9BEAFD2865BFD30028DF8E /* ImportAudioFileUseCaseTests.swift */,
				AACEA31128699F5500111565 /* BrowseAudioFilesUseCaseTests.swift */,
				AA3BAB16286B67B5005EE01E /* PlayerControlUseCaseTests.swift */,
				AA731CC228706CBB0044412F /* ShowMediaInfoUseCaseTests.swift */,
				AA7B0D80287234F70067DDB5 /* CurrentPlayerStateUseCaseTests.swift */,
				AA731CC92870BE890044412F /* LoadTrackUseCaseTests.swift */,
			);
			path = UseCases;
			sourceTree = "<group>";
		};
		AA9BEB032865D76C0028DF8E /* Interfaces */ = {
			isa = PBXGroup;
			children = (
				AAFB979D2875CF96007A76A7 /* Utils */,
				AA3BAB26286CC623005EE01E /* Services */,
				AA9BEB042865D7740028DF8E /* Repositories */,
			);
			path = Interfaces;
			sourceTree = "<group>";
		};
		AA9BEB042865D7740028DF8E /* Repositories */ = {
			isa = PBXGroup;
			children = (
				AA9BEB052865D78C0028DF8E /* AudioLibraryRepository.swift */,
				AA35E581286AA3D90086DB28 /* FilesRepository.swift */,
				AA3BAB1C286C728B005EE01E /* PlayerStateRepository.swift */,
			);
			path = Repositories;
			sourceTree = "<group>";
		};
		AA9BEB072865DBCD0028DF8E /* Utils */ = {
			isa = PBXGroup;
			children = (
				AA1ACC2B286317A2000EEDD5 /* TagsParser.swift */,
				AAFB979C2875CF58007A76A7 /* Subtitles */,
			);
			path = Utils;
			sourceTree = "<group>";
		};
		AA9BEB082865DBE20028DF8E /* Repositories */ = {
			isa = PBXGroup;
			children = (
				AA3BAB1E286C73A3005EE01E /* DefaultPlayerStateRepository.swift */,
			);
			path = Repositories;
			sourceTree = "<group>";
		};
		AA9BEB0928661DA70028DF8E /* Repositories */ = {
			isa = PBXGroup;
			children = (
				AA9BEB0A28661DCE0028DF8E /* CoreDataAudioLibraryRepositoryTests.swift */,
				AA0D3F802876244C006717B9 /* CoreDataSubtitlesRepositoryTests.swift */,
				AA35E57F286AA07F0086DB28 /* LocalFilesRepositoryTests.swift */,
			);
			path = Repositories;
			sourceTree = "<group>";
		};
		AACEA3132869A31900111565 /* Mocks */ = {
			isa = PBXGroup;
			children = (
				AACEA3142869A32A00111565 /* AudioLibraryRepositoryMock.swift */,
				AA415089286B2ECA004549F4 /* FilesRepositoryMock.swift */,
				AA35E57D286A993B0086DB28 /* TagsParserMock.swift */,
				AA0930C728739B8500E62DB3 /* AudioServiceMock.swift */,
				AA0930C928739BD900E62DB3 /* ShowMediaInfoUseCaseMock.swift */,
				AA252C9628744481001B7AEE /* LoadTrackUseCaseMock.swift */,
			);
			path = Mocks;
			sourceTree = "<group>";
		};
		AACEA3182869ABB900111565 /* AudioFilesBrowser */ = {
			isa = PBXGroup;
			children = (
				AACEA31B2869ABEB00111565 /* AudioFilesBrowserViewModel.swift */,
				AACEA3192869ABD700111565 /* AudioFilesBrowserViewController.swift */,
				AA4F9706286E3C380087F45A /* AudioFilesBrowserViewController+Styles.swift */,
				AA4F9708286E3C4C0087F45A /* AudioFilesBrowserViewController+Layout.swift */,
				AACEA3272869E9C500111565 /* AudioFilesBrowserViewControllerFactory.swift */,
				AACEA3292869ED3F00111565 /* AudioFilesBrowserCell */,
			);
			path = AudioFilesBrowser;
			sourceTree = "<group>";
		};
		AACEA31D2869AC2300111565 /* Presentation */ = {
			isa = PBXGroup;
			children = (
				AA64C81B286F18120089F165 /* Mocks */,
				AACEA3242869B16E00111565 /* Utils */,
				AA64C818286F16F00089F165 /* Player */,
				AACEA31E2869AC4000111565 /* AudioFilesBrowser */,
				AA731CD02870D1F80044412F /* LibraryItem */,
			);
			path = Presentation;
			sourceTree = "<group>";
		};
		AACEA31E2869AC4000111565 /* AudioFilesBrowser */ = {
			isa = PBXGroup;
			children = (
				AACEA31F2869AC5B00111565 /* AudioFilesBrowserViewModelTests.swift */,
			);
			path = AudioFilesBrowser;
			sourceTree = "<group>";
		};
		AACEA3212869B0FC00111565 /* Utils */ = {
			isa = PBXGroup;
			children = (
				AACEA3222869B14000111565 /* Observable.swift */,
				AA7B0D7E28721B050067DDB5 /* UIFont+Utils.swift */,
				AAFB979428759D45007A76A7 /* MessageChannel.swift */,
			);
			path = Utils;
			sourceTree = "<group>";
		};
		AACEA3242869B16E00111565 /* Utils */ = {
			isa = PBXGroup;
			children = (
				AACEA3252869B17E00111565 /* ObservableTests.swift */,
				AAFB979228759C45007A76A7 /* MessageChannelTests.swift */,
			);
			path = Utils;
			sourceTree = "<group>";
		};
		AACEA3292869ED3F00111565 /* AudioFilesBrowserCell */ = {
			isa = PBXGroup;
			children = (
				AACEA32A2869ED5800111565 /* AudioFilesBrowserCell.swift */,
				AA41508D286B647D004549F4 /* AudioFilesBrowserCell+Layout.swift */,
				AA41508B286B603B004549F4 /* AudioFilesBrowserCell+Styles.swift */,
				AACEA32C2869EDE400111565 /* AudioFilesBrowserCellViewModel.swift */,
			);
			path = AudioFilesBrowserCell;
			sourceTree = "<group>";
		};
		AACEA330286A41CF00111565 /* Common */ = {
			isa = PBXGroup;
			children = (
				AA7B0D572871BB260067DDB5 /* Views */,
				AACEA32E286A418600111565 /* FilePickerViewController.swift */,
			);
			path = Common;
			sourceTree = "<group>";
		};
		AAFB97982875C5D1007A76A7 /* Utils */ = {
			isa = PBXGroup;
			children = (
				AAFB97992875C5DF007A76A7 /* Subtitles */,
				AA1ACC2528630F9E000EEDD5 /* DefaultTagsParser */,
			);
			path = Utils;
			sourceTree = "<group>";
		};
		AAFB97992875C5DF007A76A7 /* Subtitles */ = {
			isa = PBXGroup;
			children = (
				AAFB979A2875C60F007A76A7 /* LyricsParserTests.swift */,
				AA0D3F7C2875F811006717B9 /* DurationParserTests.swift */,
			);
			path = Subtitles;
			sourceTree = "<group>";
		};
		AAFB979C2875CF58007A76A7 /* Subtitles */ = {
			isa = PBXGroup;
			children = (
				AAFB97A02875D0FD007A76A7 /* LyricsParser.swift */,
				AA0D3F7A2875F7A8006717B9 /* DurationParser.swift */,
			);
			path = Subtitles;
			sourceTree = "<group>";
		};
		AAFB979D2875CF96007A76A7 /* Utils */ = {
			isa = PBXGroup;
			children = (
				AAFB979E2875CFA9007A76A7 /* SubtitlesParser.swift */,
			);
			path = Utils;
			sourceTree = "<group>";
		};
/* End PBXGroup section */

/* Begin PBXNativeTarget section */
		AA8BF74528567A1C0010FA1E /* LyraPlay */ = {
			isa = PBXNativeTarget;
			buildConfigurationList = AA8BF77328567A1F0010FA1E /* Build configuration list for PBXNativeTarget "LyraPlay" */;
			buildPhases = (
				AA8BF74228567A1C0010FA1E /* Sources */,
				AA8BF74328567A1C0010FA1E /* Frameworks */,
				AA8BF74428567A1C0010FA1E /* Resources */,
			);
			buildRules = (
			);
			dependencies = (
			);
			name = LyraPlay;
			packageProductDependencies = (
			);
			productName = LyraPlay;
			productReference = AA8BF74628567A1C0010FA1E /* LyraPlay.app */;
			productType = "com.apple.product-type.application";
		};
		AA8BF75E28567A1F0010FA1E /* LyraPlayTests */ = {
			isa = PBXNativeTarget;
			buildConfigurationList = AA8BF77628567A1F0010FA1E /* Build configuration list for PBXNativeTarget "LyraPlayTests" */;
			buildPhases = (
				AA8BF75B28567A1F0010FA1E /* Sources */,
				AA8BF75C28567A1F0010FA1E /* Frameworks */,
				AA8BF75D28567A1F0010FA1E /* Resources */,
			);
			buildRules = (
			);
			dependencies = (
				AA8BF76128567A1F0010FA1E /* PBXTargetDependency */,
			);
			name = LyraPlayTests;
			productName = LyraPlayTests;
			productReference = AA8BF75F28567A1F0010FA1E /* LyraPlayTests.xctest */;
			productType = "com.apple.product-type.bundle.unit-test";
		};
		AA8BF76828567A1F0010FA1E /* LyraPlayUITests */ = {
			isa = PBXNativeTarget;
			buildConfigurationList = AA8BF77928567A1F0010FA1E /* Build configuration list for PBXNativeTarget "LyraPlayUITests" */;
			buildPhases = (
				AA8BF76528567A1F0010FA1E /* Sources */,
				AA8BF76628567A1F0010FA1E /* Frameworks */,
				AA8BF76728567A1F0010FA1E /* Resources */,
			);
			buildRules = (
			);
			dependencies = (
				AA8BF76B28567A1F0010FA1E /* PBXTargetDependency */,
			);
			name = LyraPlayUITests;
			productName = LyraPlayUITests;
			productReference = AA8BF76928567A1F0010FA1E /* LyraPlayUITests.xctest */;
			productType = "com.apple.product-type.bundle.ui-testing";
		};
/* End PBXNativeTarget section */

/* Begin PBXProject section */
		AA8BF73E28567A1C0010FA1E /* Project object */ = {
			isa = PBXProject;
			attributes = {
				BuildIndependentTargetsInParallel = 1;
				LastSwiftUpdateCheck = 1340;
				LastUpgradeCheck = 1340;
				TargetAttributes = {
					AA8BF74528567A1C0010FA1E = {
						CreatedOnToolsVersion = 13.4;
					};
					AA8BF75E28567A1F0010FA1E = {
						CreatedOnToolsVersion = 13.4;
						TestTargetID = AA8BF74528567A1C0010FA1E;
					};
					AA8BF76828567A1F0010FA1E = {
						CreatedOnToolsVersion = 13.4;
						TestTargetID = AA8BF74528567A1C0010FA1E;
					};
				};
			};
			buildConfigurationList = AA8BF74128567A1C0010FA1E /* Build configuration list for PBXProject "LyraPlay" */;
			compatibilityVersion = "Xcode 13.0";
			developmentRegion = en;
			hasScannedForEncodings = 0;
			knownRegions = (
				en,
				Base,
			);
			mainGroup = AA8BF73D28567A1C0010FA1E;
			packageReferences = (
			);
			productRefGroup = AA8BF74728567A1C0010FA1E /* Products */;
			projectDirPath = "";
			projectRoot = "";
			targets = (
				AA8BF74528567A1C0010FA1E /* LyraPlay */,
				AA8BF75E28567A1F0010FA1E /* LyraPlayTests */,
				AA8BF76828567A1F0010FA1E /* LyraPlayUITests */,
			);
		};
/* End PBXProject section */

/* Begin PBXResourcesBuildPhase section */
		AA8BF74428567A1C0010FA1E /* Resources */ = {
			isa = PBXResourcesBuildPhase;
			buildActionMask = 2147483647;
			files = (
				AA8BF75928567A1F0010FA1E /* LaunchScreen.storyboard in Resources */,
				AA8BF75628567A1F0010FA1E /* Assets.xcassets in Resources */,
				AA7B0D7B28721A3F0067DDB5 /* RedHatDisplay-Regular.ttf in Resources */,
				AA7B0D7128721A3F0067DDB5 /* RedHatDisplay-MediumItalic.ttf in Resources */,
				AA7B0D7028721A3F0067DDB5 /* RedHatDisplay-ExtraBold.ttf in Resources */,
				AA7B0D7528721A3F0067DDB5 /* RedHatDisplay-LightItalic.ttf in Resources */,
				AA7B0D6E28721A3F0067DDB5 /* RedHatDisplay-BlackItalic.ttf in Resources */,
				AA7B0D7328721A3F0067DDB5 /* RedHatDisplay-Italic.ttf in Resources */,
				AA7B0D7628721A3F0067DDB5 /* RedHatDisplay-ExtraBoldItalic.ttf in Resources */,
				AA7B0D7828721A3F0067DDB5 /* RedHatDisplay-SemiBold.ttf in Resources */,
				AA7B0D7728721A3F0067DDB5 /* RedHatDisplay-Medium.ttf in Resources */,
				AA7B0D6F28721A3F0067DDB5 /* RedHatDisplay-Black.ttf in Resources */,
				AA7B0D7A28721A3F0067DDB5 /* RedHatDisplay-Light.ttf in Resources */,
				AA7B0D7428721A3F0067DDB5 /* RedHatDisplay-Bold.ttf in Resources */,
				AA7B0D7928721A3F0067DDB5 /* RedHatDisplay-BoldItalic.ttf in Resources */,
				AA7B0D7228721A3F0067DDB5 /* RedHatDisplay-SemiBoldItalic.ttf in Resources */,
			);
			runOnlyForDeploymentPostprocessing = 0;
		};
		AA8BF75D28567A1F0010FA1E /* Resources */ = {
			isa = PBXResourcesBuildPhase;
			buildActionMask = 2147483647;
			files = (
				AA1ACC31286329B8000EEDD5 /* test_music_with_tags.mp3 in Resources */,
				AA415088286B2BA4004549F4 /* test_cover_image.png in Resources */,
			);
			runOnlyForDeploymentPostprocessing = 0;
		};
		AA8BF76728567A1F0010FA1E /* Resources */ = {
			isa = PBXResourcesBuildPhase;
			buildActionMask = 2147483647;
			files = (
			);
			runOnlyForDeploymentPostprocessing = 0;
		};
/* End PBXResourcesBuildPhase section */

/* Begin PBXSourcesBuildPhase section */
		AA8BF74228567A1C0010FA1E /* Sources */ = {
			isa = PBXSourcesBuildPhase;
			buildActionMask = 2147483647;
			files = (
				AA3BAB1F286C73A3005EE01E /* DefaultPlayerStateRepository.swift in Sources */,
				AA731CC5287070C00044412F /* ShowMediaInfoUseCase.swift in Sources */,
				AA9BEB062865D78C0028DF8E /* AudioLibraryRepository.swift in Sources */,
				AA4F9709286E3C4C0087F45A /* AudioFilesBrowserViewController+Layout.swift in Sources */,
				AA7B0D7F28721B050067DDB5 /* UIFont+Utils.swift in Sources */,
				AA3BAB19286C6883005EE01E /* PlayerControlUseCase.swift in Sources */,
				AA3BAB28286CC646005EE01E /* AudioPlayerService.swift in Sources */,
				AA1ACC2C286317A2000EEDD5 /* TagsParser.swift in Sources */,
				AA731CCC2870C2560044412F /* LoadTrackUseCase.swift in Sources */,
				AA35E585286AA5E10086DB28 /* LocalFilesRepository.swift in Sources */,
				AA7B0D5028719AE20067DDB5 /* LibraryItemViewController.swift in Sources */,
				AACEA32B2869ED5800111565 /* AudioFilesBrowserCell.swift in Sources */,
				AACEA31C2869ABEB00111565 /* AudioFilesBrowserViewModel.swift in Sources */,
				AA7B0D562871A7390067DDB5 /* LibraryItemViewControllerFactory.swift in Sources */,
				AAFB979528759D45007A76A7 /* MessageChannel.swift in Sources */,
				AA731CC828707EE50044412F /* Result+Utils.swift in Sources */,
				AA4F9707286E3C380087F45A /* AudioFilesBrowserViewController+Styles.swift in Sources */,
				AA41508C286B603B004549F4 /* AudioFilesBrowserCell+Styles.swift in Sources */,
				AAFB97A12875D0FD007A76A7 /* LyricsParser.swift in Sources */,
				AACEA3232869B14000111565 /* Observable.swift in Sources */,
				AA8BF74A28567A1C0010FA1E /* AppDelegate.swift in Sources */,
				AA3BAB1B286C7225005EE01E /* PlayerState.swift in Sources */,
				AAFB979F2875CFA9007A76A7 /* SubtitlesParser.swift in Sources */,
				AA0930C4287349DA00E62DB3 /* CurrentPlayerStateUseCase.swift in Sources */,
				AACEA32D2869EDE400111565 /* AudioFilesBrowserCellViewModel.swift in Sources */,
				AACEA3172869A5C800111565 /* BrowseAudioLibraryUseCase.swift in Sources */,
				AA598D1F2868D435001F3DE1 /* ManagedAudioFile+Mapping.swift in Sources */,
				AA4F9705286E32C10087F45A /* PlayerViewModel.swift in Sources */,
				AA7B0D542871A70F0067DDB5 /* LibraryItemViewController+Styles.swift in Sources */,
				AA35E582286AA3D90086DB28 /* FilesRepository.swift in Sources */,
				AA2BE88B2866EE59005C1AAD /* CoreDataAudioFilesRepository.swift in Sources */,
				AA8BF78228567C410010FA1E /* AppCoordinator.swift in Sources */,
				AA3BAB1D286C728B005EE01E /* PlayerStateRepository.swift in Sources */,
				AA7B0D7D28721A5E0067DDB5 /* Fonts.swift in Sources */,
				AA3BAB22286C7D32005EE01E /* KeyValueStore.swift in Sources */,
				AAFB97972875BCAD007A76A7 /* Subtitles.swift in Sources */,
				AA4F96FD286E325A0087F45A /* PlayerViewController.swift in Sources */,
				AACEA31A2869ABD700111565 /* AudioFilesBrowserViewController.swift in Sources */,
				AA4F9701286E327D0087F45A /* PlayerViewController+Styles.swift in Sources */,
				AA9BEB022865D5BB0028DF8E /* AudioFileInfo.swift in Sources */,
				AA7B0D522871A6E00067DDB5 /* LibraryItemViewController+Layout.swift in Sources */,
				AA731CBD2870395B0044412F /* NowPlayingInfoService.swift in Sources */,
				AACEA3282869E9C500111565 /* AudioFilesBrowserViewControllerFactory.swift in Sources */,
				AA2BE88D2866EF35005C1AAD /* CoreDataStore.swift in Sources */,
				AA9BEB002865D4540028DF8E /* ImportAudioFileUseCase.swift in Sources */,
				AA8BF74C28567A1C0010FA1E /* SceneDelegate.swift in Sources */,
				AA4F9703286E32870087F45A /* PlayerViewControllerFactory.swift in Sources */,
				AA41508E286B647D004549F4 /* AudioFilesBrowserCell+Layout.swift in Sources */,
				AA3BAB2E286CC79F005EE01E /* DefaultAudioPlayerService.swift in Sources */,
				AACEA32F286A418600111565 /* FilePickerViewController.swift in Sources */,
				AA4F96FF286E32710087F45A /* PlayerViewController+Layout.swift in Sources */,
				AA598D1C2868D3EC001F3DE1 /* ManagedAudioFile+CoreDataProperties.swift in Sources */,
				AA731CD52870DA740044412F /* LibraryItemViewModel.swift in Sources */,
				AA0D3F7B2875F7A8006717B9 /* DurationParser.swift in Sources */,
				AA7B0D5D2871BBA20067DDB5 /* ImageViewShadowed.swift in Sources */,
				AA598D1B2868D3EC001F3DE1 /* ManagedAudioFile+CoreDataClass.swift in Sources */,
				AA7B0D5B2871BB500067DDB5 /* ShapedView.swift in Sources */,
				AA8BF75428567A1C0010FA1E /* LyraPlay.xcdatamodeld in Sources */,
				AA7B0D592871BB340067DDB5 /* ShadowView.swift in Sources */,
			);
			runOnlyForDeploymentPostprocessing = 0;
		};
		AA8BF75B28567A1F0010FA1E /* Sources */ = {
			isa = PBXSourcesBuildPhase;
			buildActionMask = 2147483647;
			files = (
				AA35E580286AA07F0086DB28 /* LocalFilesRepositoryTests.swift in Sources */,
				AA0930CA28739BD900E62DB3 /* ShowMediaInfoUseCaseMock.swift in Sources */,
				AAFB979328759C45007A76A7 /* MessageChannelTests.swift in Sources */,
				AA0930C628739B2000E62DB3 /* AssertSequence.swift in Sources */,
				AA731CC328706CBB0044412F /* ShowMediaInfoUseCaseTests.swift in Sources */,
				AA252C9C2874E302001B7AEE /* XCTestCase+MemoryLeakDetection.swift in Sources */,
				AA731CD22870D25C0044412F /* LibraryItemViewModelTests.swift in Sources */,
				AA252C9728744481001B7AEE /* LoadTrackUseCaseMock.swift in Sources */,
				AA7B0D81287234F70067DDB5 /* CurrentPlayerStateUseCaseTests.swift in Sources */,
				AACEA3262869B17E00111565 /* ObservableTests.swift in Sources */,
				AA0D3F7D2875F811006717B9 /* DurationParserTests.swift in Sources */,
				AA64C81D286F181F0089F165 /* AudioPlayerUseCaseMock.swift in Sources */,
				AAFB979B2875C60F007A76A7 /* LyricsParserTests.swift in Sources */,
				AA731CCA2870BE890044412F /* LoadTrackUseCaseTests.swift in Sources */,
				AA415084286B0987004549F4 /* AssertResult.swift in Sources */,
				AA0D3F812876244D006717B9 /* CoreDataSubtitlesRepositoryTests.swift in Sources */,
				AA9BEAFE2865BFD30028DF8E /* ImportAudioFileUseCaseTests.swift in Sources */,
				AACEA3152869A32A00111565 /* AudioLibraryRepositoryMock.swift in Sources */,
				AA3BAB17286B67B5005EE01E /* PlayerControlUseCaseTests.swift in Sources */,
				AA252C9A28747520001B7AEE /* AudioServiceTests.swift in Sources */,
				AACEA3202869AC5B00111565 /* AudioFilesBrowserViewModelTests.swift in Sources */,
				AA0930C828739B8500E62DB3 /* AudioServiceMock.swift in Sources */,
				AA64C81A286F170C0089F165 /* PlayerViewModelTests.swift in Sources */,
				AA9BEB0B28661DCE0028DF8E /* CoreDataAudioLibraryRepositoryTests.swift in Sources */,
				AA1ACC222862FE7E000EEDD5 /* DefaultTagsParserTests.swift in Sources */,
				AA41508A286B2ECA004549F4 /* FilesRepositoryMock.swift in Sources */,
				AACEA31228699F5500111565 /* BrowseAudioFilesUseCaseTests.swift in Sources */,
				AA35E57E286A993B0086DB28 /* TagsParserMock.swift in Sources */,
				AA3BAB25286C7EE2005EE01E /* UserDefaultsKeyValueStoreTests.swift in Sources */,
			);
			runOnlyForDeploymentPostprocessing = 0;
		};
		AA8BF76528567A1F0010FA1E /* Sources */ = {
			isa = PBXSourcesBuildPhase;
			buildActionMask = 2147483647;
			files = (
				AA8BF77028567A1F0010FA1E /* LyraPlayUITestsLaunchTests.swift in Sources */,
				AA8BF76E28567A1F0010FA1E /* LyraPlayUITests.swift in Sources */,
			);
			runOnlyForDeploymentPostprocessing = 0;
		};
/* End PBXSourcesBuildPhase section */

/* Begin PBXTargetDependency section */
		AA8BF76128567A1F0010FA1E /* PBXTargetDependency */ = {
			isa = PBXTargetDependency;
			target = AA8BF74528567A1C0010FA1E /* LyraPlay */;
			targetProxy = AA8BF76028567A1F0010FA1E /* PBXContainerItemProxy */;
		};
		AA8BF76B28567A1F0010FA1E /* PBXTargetDependency */ = {
			isa = PBXTargetDependency;
			target = AA8BF74528567A1C0010FA1E /* LyraPlay */;
			targetProxy = AA8BF76A28567A1F0010FA1E /* PBXContainerItemProxy */;
		};
/* End PBXTargetDependency section */

/* Begin PBXVariantGroup section */
		AA8BF75728567A1F0010FA1E /* LaunchScreen.storyboard */ = {
			isa = PBXVariantGroup;
			children = (
				AA8BF75828567A1F0010FA1E /* Base */,
			);
			name = LaunchScreen.storyboard;
			sourceTree = "<group>";
		};
/* End PBXVariantGroup section */

/* Begin XCBuildConfiguration section */
		AA8BF77128567A1F0010FA1E /* Debug */ = {
			isa = XCBuildConfiguration;
			buildSettings = {
				ALWAYS_SEARCH_USER_PATHS = NO;
				CLANG_ANALYZER_NONNULL = YES;
				CLANG_ANALYZER_NUMBER_OBJECT_CONVERSION = YES_AGGRESSIVE;
				CLANG_CXX_LANGUAGE_STANDARD = "gnu++17";
				CLANG_ENABLE_MODULES = YES;
				CLANG_ENABLE_OBJC_ARC = YES;
				CLANG_ENABLE_OBJC_WEAK = YES;
				CLANG_WARN_BLOCK_CAPTURE_AUTORELEASING = YES;
				CLANG_WARN_BOOL_CONVERSION = YES;
				CLANG_WARN_COMMA = YES;
				CLANG_WARN_CONSTANT_CONVERSION = YES;
				CLANG_WARN_DEPRECATED_OBJC_IMPLEMENTATIONS = YES;
				CLANG_WARN_DIRECT_OBJC_ISA_USAGE = YES_ERROR;
				CLANG_WARN_DOCUMENTATION_COMMENTS = YES;
				CLANG_WARN_EMPTY_BODY = YES;
				CLANG_WARN_ENUM_CONVERSION = YES;
				CLANG_WARN_INFINITE_RECURSION = YES;
				CLANG_WARN_INT_CONVERSION = YES;
				CLANG_WARN_NON_LITERAL_NULL_CONVERSION = YES;
				CLANG_WARN_OBJC_IMPLICIT_RETAIN_SELF = YES;
				CLANG_WARN_OBJC_LITERAL_CONVERSION = YES;
				CLANG_WARN_OBJC_ROOT_CLASS = YES_ERROR;
				CLANG_WARN_QUOTED_INCLUDE_IN_FRAMEWORK_HEADER = YES;
				CLANG_WARN_RANGE_LOOP_ANALYSIS = YES;
				CLANG_WARN_STRICT_PROTOTYPES = YES;
				CLANG_WARN_SUSPICIOUS_MOVE = YES;
				CLANG_WARN_UNGUARDED_AVAILABILITY = YES_AGGRESSIVE;
				CLANG_WARN_UNREACHABLE_CODE = YES;
				CLANG_WARN__DUPLICATE_METHOD_MATCH = YES;
				COPY_PHASE_STRIP = NO;
				DEBUG_INFORMATION_FORMAT = dwarf;
				ENABLE_STRICT_OBJC_MSGSEND = YES;
				ENABLE_TESTABILITY = YES;
				GCC_C_LANGUAGE_STANDARD = gnu11;
				GCC_DYNAMIC_NO_PIC = NO;
				GCC_NO_COMMON_BLOCKS = YES;
				GCC_OPTIMIZATION_LEVEL = 0;
				GCC_PREPROCESSOR_DEFINITIONS = (
					"DEBUG=1",
					"$(inherited)",
				);
				GCC_WARN_64_TO_32_BIT_CONVERSION = YES;
				GCC_WARN_ABOUT_RETURN_TYPE = YES_ERROR;
				GCC_WARN_UNDECLARED_SELECTOR = YES;
				GCC_WARN_UNINITIALIZED_AUTOS = YES_AGGRESSIVE;
				GCC_WARN_UNUSED_FUNCTION = YES;
				GCC_WARN_UNUSED_VARIABLE = YES;
				INFOPLIST_KEY_UIMainStoryboardFile = "";
				IPHONEOS_DEPLOYMENT_TARGET = 15.0;
				MTL_ENABLE_DEBUG_INFO = INCLUDE_SOURCE;
				MTL_FAST_MATH = YES;
				ONLY_ACTIVE_ARCH = YES;
				SDKROOT = iphoneos;
				SWIFT_ACTIVE_COMPILATION_CONDITIONS = DEBUG;
				SWIFT_OPTIMIZATION_LEVEL = "-Onone";
			};
			name = Debug;
		};
		AA8BF77228567A1F0010FA1E /* Release */ = {
			isa = XCBuildConfiguration;
			buildSettings = {
				ALWAYS_SEARCH_USER_PATHS = NO;
				CLANG_ANALYZER_NONNULL = YES;
				CLANG_ANALYZER_NUMBER_OBJECT_CONVERSION = YES_AGGRESSIVE;
				CLANG_CXX_LANGUAGE_STANDARD = "gnu++17";
				CLANG_ENABLE_MODULES = YES;
				CLANG_ENABLE_OBJC_ARC = YES;
				CLANG_ENABLE_OBJC_WEAK = YES;
				CLANG_WARN_BLOCK_CAPTURE_AUTORELEASING = YES;
				CLANG_WARN_BOOL_CONVERSION = YES;
				CLANG_WARN_COMMA = YES;
				CLANG_WARN_CONSTANT_CONVERSION = YES;
				CLANG_WARN_DEPRECATED_OBJC_IMPLEMENTATIONS = YES;
				CLANG_WARN_DIRECT_OBJC_ISA_USAGE = YES_ERROR;
				CLANG_WARN_DOCUMENTATION_COMMENTS = YES;
				CLANG_WARN_EMPTY_BODY = YES;
				CLANG_WARN_ENUM_CONVERSION = YES;
				CLANG_WARN_INFINITE_RECURSION = YES;
				CLANG_WARN_INT_CONVERSION = YES;
				CLANG_WARN_NON_LITERAL_NULL_CONVERSION = YES;
				CLANG_WARN_OBJC_IMPLICIT_RETAIN_SELF = YES;
				CLANG_WARN_OBJC_LITERAL_CONVERSION = YES;
				CLANG_WARN_OBJC_ROOT_CLASS = YES_ERROR;
				CLANG_WARN_QUOTED_INCLUDE_IN_FRAMEWORK_HEADER = YES;
				CLANG_WARN_RANGE_LOOP_ANALYSIS = YES;
				CLANG_WARN_STRICT_PROTOTYPES = YES;
				CLANG_WARN_SUSPICIOUS_MOVE = YES;
				CLANG_WARN_UNGUARDED_AVAILABILITY = YES_AGGRESSIVE;
				CLANG_WARN_UNREACHABLE_CODE = YES;
				CLANG_WARN__DUPLICATE_METHOD_MATCH = YES;
				COPY_PHASE_STRIP = NO;
				DEBUG_INFORMATION_FORMAT = "dwarf-with-dsym";
				ENABLE_NS_ASSERTIONS = NO;
				ENABLE_STRICT_OBJC_MSGSEND = YES;
				GCC_C_LANGUAGE_STANDARD = gnu11;
				GCC_NO_COMMON_BLOCKS = YES;
				GCC_WARN_64_TO_32_BIT_CONVERSION = YES;
				GCC_WARN_ABOUT_RETURN_TYPE = YES_ERROR;
				GCC_WARN_UNDECLARED_SELECTOR = YES;
				GCC_WARN_UNINITIALIZED_AUTOS = YES_AGGRESSIVE;
				GCC_WARN_UNUSED_FUNCTION = YES;
				GCC_WARN_UNUSED_VARIABLE = YES;
				INFOPLIST_KEY_UIMainStoryboardFile = "";
				IPHONEOS_DEPLOYMENT_TARGET = 15.0;
				MTL_ENABLE_DEBUG_INFO = NO;
				MTL_FAST_MATH = YES;
				SDKROOT = iphoneos;
				SWIFT_COMPILATION_MODE = wholemodule;
				SWIFT_OPTIMIZATION_LEVEL = "-O";
				VALIDATE_PRODUCT = YES;
			};
			name = Release;
		};
		AA8BF77428567A1F0010FA1E /* Debug */ = {
			isa = XCBuildConfiguration;
			buildSettings = {
				ASSETCATALOG_COMPILER_APPICON_NAME = AppIcon;
				ASSETCATALOG_COMPILER_GLOBAL_ACCENT_COLOR_NAME = AccentColor;
				CODE_SIGN_STYLE = Automatic;
				CURRENT_PROJECT_VERSION = 1;
				DEVELOPMENT_TEAM = 8JWF52JVK7;
				GENERATE_INFOPLIST_FILE = YES;
				INFOPLIST_FILE = LyraPlay/SupportFiles/Info.plist;
				INFOPLIST_KEY_UIApplicationSupportsIndirectInputEvents = YES;
				INFOPLIST_KEY_UILaunchStoryboardName = LaunchScreen;
				INFOPLIST_KEY_UIMainStoryboardFile = "";
				INFOPLIST_KEY_UISupportedInterfaceOrientations_iPad = "UIInterfaceOrientationPortrait UIInterfaceOrientationPortraitUpsideDown UIInterfaceOrientationLandscapeLeft UIInterfaceOrientationLandscapeRight";
				INFOPLIST_KEY_UISupportedInterfaceOrientations_iPhone = "UIInterfaceOrientationPortrait UIInterfaceOrientationLandscapeLeft UIInterfaceOrientationLandscapeRight";
				LD_RUNPATH_SEARCH_PATHS = (
					"$(inherited)",
					"@executable_path/Frameworks",
				);
				MARKETING_VERSION = 1.0;
				PRODUCT_BUNDLE_IDENTIFIER = come.azatkaiumov.LyraPlay;
				PRODUCT_NAME = "$(TARGET_NAME)";
				SWIFT_EMIT_LOC_STRINGS = YES;
				SWIFT_VERSION = 5.0;
				TARGETED_DEVICE_FAMILY = "1,2";
			};
			name = Debug;
		};
		AA8BF77528567A1F0010FA1E /* Release */ = {
			isa = XCBuildConfiguration;
			buildSettings = {
				ASSETCATALOG_COMPILER_APPICON_NAME = AppIcon;
				ASSETCATALOG_COMPILER_GLOBAL_ACCENT_COLOR_NAME = AccentColor;
				CODE_SIGN_STYLE = Automatic;
				CURRENT_PROJECT_VERSION = 1;
				DEVELOPMENT_TEAM = 8JWF52JVK7;
				GENERATE_INFOPLIST_FILE = YES;
				INFOPLIST_FILE = LyraPlay/SupportFiles/Info.plist;
				INFOPLIST_KEY_UIApplicationSupportsIndirectInputEvents = YES;
				INFOPLIST_KEY_UILaunchStoryboardName = LaunchScreen;
				INFOPLIST_KEY_UIMainStoryboardFile = "";
				INFOPLIST_KEY_UISupportedInterfaceOrientations_iPad = "UIInterfaceOrientationPortrait UIInterfaceOrientationPortraitUpsideDown UIInterfaceOrientationLandscapeLeft UIInterfaceOrientationLandscapeRight";
				INFOPLIST_KEY_UISupportedInterfaceOrientations_iPhone = "UIInterfaceOrientationPortrait UIInterfaceOrientationLandscapeLeft UIInterfaceOrientationLandscapeRight";
				LD_RUNPATH_SEARCH_PATHS = (
					"$(inherited)",
					"@executable_path/Frameworks",
				);
				MARKETING_VERSION = 1.0;
				PRODUCT_BUNDLE_IDENTIFIER = come.azatkaiumov.LyraPlay;
				PRODUCT_NAME = "$(TARGET_NAME)";
				SWIFT_EMIT_LOC_STRINGS = YES;
				SWIFT_VERSION = 5.0;
				TARGETED_DEVICE_FAMILY = "1,2";
			};
			name = Release;
		};
		AA8BF77728567A1F0010FA1E /* Debug */ = {
			isa = XCBuildConfiguration;
			buildSettings = {
				ALWAYS_EMBED_SWIFT_STANDARD_LIBRARIES = YES;
				BUNDLE_LOADER = "$(TEST_HOST)";
				CODE_SIGN_STYLE = Automatic;
				CURRENT_PROJECT_VERSION = 1;
				DEVELOPMENT_TEAM = 8JWF52JVK7;
				GENERATE_INFOPLIST_FILE = YES;
				IPHONEOS_DEPLOYMENT_TARGET = 15.5;
				MARKETING_VERSION = 1.0;
				PRODUCT_BUNDLE_IDENTIFIER = come.azatkaiumov.LyraPlayTests;
				PRODUCT_NAME = "$(TARGET_NAME)";
				SWIFT_EMIT_LOC_STRINGS = NO;
				SWIFT_VERSION = 5.0;
				TARGETED_DEVICE_FAMILY = "1,2";
				TEST_HOST = "$(BUILT_PRODUCTS_DIR)/LyraPlay.app/LyraPlay";
			};
			name = Debug;
		};
		AA8BF77828567A1F0010FA1E /* Release */ = {
			isa = XCBuildConfiguration;
			buildSettings = {
				ALWAYS_EMBED_SWIFT_STANDARD_LIBRARIES = YES;
				BUNDLE_LOADER = "$(TEST_HOST)";
				CODE_SIGN_STYLE = Automatic;
				CURRENT_PROJECT_VERSION = 1;
				DEVELOPMENT_TEAM = 8JWF52JVK7;
				GENERATE_INFOPLIST_FILE = YES;
				IPHONEOS_DEPLOYMENT_TARGET = 15.5;
				MARKETING_VERSION = 1.0;
				PRODUCT_BUNDLE_IDENTIFIER = come.azatkaiumov.LyraPlayTests;
				PRODUCT_NAME = "$(TARGET_NAME)";
				SWIFT_EMIT_LOC_STRINGS = NO;
				SWIFT_VERSION = 5.0;
				TARGETED_DEVICE_FAMILY = "1,2";
				TEST_HOST = "$(BUILT_PRODUCTS_DIR)/LyraPlay.app/LyraPlay";
			};
			name = Release;
		};
		AA8BF77A28567A1F0010FA1E /* Debug */ = {
			isa = XCBuildConfiguration;
			buildSettings = {
				ALWAYS_EMBED_SWIFT_STANDARD_LIBRARIES = YES;
				CODE_SIGN_STYLE = Automatic;
				CURRENT_PROJECT_VERSION = 1;
				DEVELOPMENT_TEAM = 8JWF52JVK7;
				GENERATE_INFOPLIST_FILE = YES;
				MARKETING_VERSION = 1.0;
				PRODUCT_BUNDLE_IDENTIFIER = come.azatkaiumov.LyraPlayUITests;
				PRODUCT_NAME = "$(TARGET_NAME)";
				SWIFT_EMIT_LOC_STRINGS = NO;
				SWIFT_VERSION = 5.0;
				TARGETED_DEVICE_FAMILY = "1,2";
				TEST_TARGET_NAME = LyraPlay;
			};
			name = Debug;
		};
		AA8BF77B28567A1F0010FA1E /* Release */ = {
			isa = XCBuildConfiguration;
			buildSettings = {
				ALWAYS_EMBED_SWIFT_STANDARD_LIBRARIES = YES;
				CODE_SIGN_STYLE = Automatic;
				CURRENT_PROJECT_VERSION = 1;
				DEVELOPMENT_TEAM = 8JWF52JVK7;
				GENERATE_INFOPLIST_FILE = YES;
				MARKETING_VERSION = 1.0;
				PRODUCT_BUNDLE_IDENTIFIER = come.azatkaiumov.LyraPlayUITests;
				PRODUCT_NAME = "$(TARGET_NAME)";
				SWIFT_EMIT_LOC_STRINGS = NO;
				SWIFT_VERSION = 5.0;
				TARGETED_DEVICE_FAMILY = "1,2";
				TEST_TARGET_NAME = LyraPlay;
			};
			name = Release;
		};
/* End XCBuildConfiguration section */

/* Begin XCConfigurationList section */
		AA8BF74128567A1C0010FA1E /* Build configuration list for PBXProject "LyraPlay" */ = {
			isa = XCConfigurationList;
			buildConfigurations = (
				AA8BF77128567A1F0010FA1E /* Debug */,
				AA8BF77228567A1F0010FA1E /* Release */,
			);
			defaultConfigurationIsVisible = 0;
			defaultConfigurationName = Release;
		};
		AA8BF77328567A1F0010FA1E /* Build configuration list for PBXNativeTarget "LyraPlay" */ = {
			isa = XCConfigurationList;
			buildConfigurations = (
				AA8BF77428567A1F0010FA1E /* Debug */,
				AA8BF77528567A1F0010FA1E /* Release */,
			);
			defaultConfigurationIsVisible = 0;
			defaultConfigurationName = Release;
		};
		AA8BF77628567A1F0010FA1E /* Build configuration list for PBXNativeTarget "LyraPlayTests" */ = {
			isa = XCConfigurationList;
			buildConfigurations = (
				AA8BF77728567A1F0010FA1E /* Debug */,
				AA8BF77828567A1F0010FA1E /* Release */,
			);
			defaultConfigurationIsVisible = 0;
			defaultConfigurationName = Release;
		};
		AA8BF77928567A1F0010FA1E /* Build configuration list for PBXNativeTarget "LyraPlayUITests" */ = {
			isa = XCConfigurationList;
			buildConfigurations = (
				AA8BF77A28567A1F0010FA1E /* Debug */,
				AA8BF77B28567A1F0010FA1E /* Release */,
			);
			defaultConfigurationIsVisible = 0;
			defaultConfigurationName = Release;
		};
/* End XCConfigurationList section */

/* Begin XCVersionGroup section */
		AA8BF75228567A1C0010FA1E /* LyraPlay.xcdatamodeld */ = {
			isa = XCVersionGroup;
			children = (
				AA8BF75328567A1C0010FA1E /* LyraPlay.xcdatamodel */,
			);
			currentVersion = AA8BF75328567A1C0010FA1E /* LyraPlay.xcdatamodel */;
			path = LyraPlay.xcdatamodeld;
			sourceTree = "<group>";
			versionGroupType = wrapper.xcdatamodel;
		};
/* End XCVersionGroup section */
	};
	rootObject = AA8BF73E28567A1C0010FA1E /* Project object */;
}
