{
  "pins" : [
    {
      "identity" : "mockingbird",
      "kind" : "remoteSourceControl",
      "location" : "https://github.com/azat-dev/mockingbird.git",
      "state" : {
        "revision" : "d0dd9d36b2c569741b4f0ee34776e037c1a77fa1"
      }
    },
    {
      "identity" : "swiftwebvtt",
      "kind" : "remoteSourceControl",
      "location" : "https://github.com/azat-dev/SwiftWebVTT",
      "state" : {
        "branch" : "main",
        "revision" : "c08c7e74fad698248360aa669e337c5b1466c967"
      }
    }
  ],
  "version" : 2
}
